// !$*UTF8*$!
{
	archiveVersion = 1;
	classes = {
	};
	objectVersion = 46;
	objects = {

/* Begin PBXBuildFile section */
		92D7FFCD1A776BF2005DE469 /* main.m in Sources */ = {isa = PBXBuildFile; fileRef = 92D7FFCC1A776BF2005DE469 /* main.m */; };
		92D7FFD01A776BF2005DE469 /* AppDelegate.m in Sources */ = {isa = PBXBuildFile; fileRef = 92D7FFCF1A776BF2005DE469 /* AppDelegate.m */; };
		92D7FFD31A776BF2005DE469 /* DetailViewController.m in Sources */ = {isa = PBXBuildFile; fileRef = 92D7FFD21A776BF2005DE469 /* DetailViewController.m */; };
		92D7FFD61A776BF2005DE469 /* Main.storyboard in Resources */ = {isa = PBXBuildFile; fileRef = 92D7FFD41A776BF2005DE469 /* Main.storyboard */; };
		92D7FFD81A776BF2005DE469 /* Images.xcassets in Resources */ = {isa = PBXBuildFile; fileRef = 92D7FFD71A776BF2005DE469 /* Images.xcassets */; };
		92D7FFDB1A776BF2005DE469 /* LaunchScreen.xib in Resources */ = {isa = PBXBuildFile; fileRef = 92D7FFD91A776BF2005DE469 /* LaunchScreen.xib */; };
		92D7FFE71A776BF2005DE469 /* TableViewTestTests.m in Sources */ = {isa = PBXBuildFile; fileRef = 92D7FFE61A776BF2005DE469 /* TableViewTestTests.m */; };
		92D7FFF21A777A76005DE469 /* TableViewController.m in Sources */ = {isa = PBXBuildFile; fileRef = 92D7FFF11A777A76005DE469 /* TableViewController.m */; };
/* End PBXBuildFile section */

/* Begin PBXContainerItemProxy section */
		92D7FFE11A776BF2005DE469 /* PBXContainerItemProxy */ = {
			isa = PBXContainerItemProxy;
			containerPortal = 92D7FFBF1A776BF2005DE469 /* Project object */;
			proxyType = 1;
			remoteGlobalIDString = 92D7FFC61A776BF2005DE469;
			remoteInfo = TableViewTest;
		};
/* End PBXContainerItemProxy section */

/* Begin PBXFileReference section */
		92D7FFC71A776BF2005DE469 /* TableViewTest.app */ = {isa = PBXFileReference; explicitFileType = wrapper.application; includeInIndex = 0; path = TableViewTest.app; sourceTree = BUILT_PRODUCTS_DIR; };
		92D7FFCB1A776BF2005DE469 /* Info.plist */ = {isa = PBXFileReference; lastKnownFileType = text.plist.xml; path = Info.plist; sourceTree = "<group>"; };
		92D7FFCC1A776BF2005DE469 /* main.m */ = {isa = PBXFileReference; lastKnownFileType = sourcecode.c.objc; path = main.m; sourceTree = "<group>"; };
		92D7FFCE1A776BF2005DE469 /* AppDelegate.h */ = {isa = PBXFileReference; lastKnownFileType = sourcecode.c.h; path = AppDelegate.h; sourceTree = "<group>"; };
		92D7FFCF1A776BF2005DE469 /* AppDelegate.m */ = {isa = PBXFileReference; lastKnownFileType = sourcecode.c.objc; path = AppDelegate.m; sourceTree = "<group>"; };
		92D7FFD11A776BF2005DE469 /* DetailViewController.h */ = {isa = PBXFileReference; lastKnownFileType = sourcecode.c.h; path = DetailViewController.h; sourceTree = "<group>"; };
		92D7FFD21A776BF2005DE469 /* DetailViewController.m */ = {isa = PBXFileReference; lastKnownFileType = sourcecode.c.objc; path = DetailViewController.m; sourceTree = "<group>"; };
		92D7FFD51A776BF2005DE469 /* Base */ = {isa = PBXFileReference; lastKnownFileType = file.storyboard; name = Base; path = Base.lproj/Main.storyboard; sourceTree = "<group>"; };
		92D7FFD71A776BF2005DE469 /* Images.xcassets */ = {isa = PBXFileReference; lastKnownFileType = folder.assetcatalog; path = Images.xcassets; sourceTree = "<group>"; };
		92D7FFDA1A776BF2005DE469 /* Base */ = {isa = PBXFileReference; lastKnownFileType = file.xib; name = Base; path = Base.lproj/LaunchScreen.xib; sourceTree = "<group>"; };
		92D7FFE01A776BF2005DE469 /* TableViewTestTests.xctest */ = {isa = PBXFileReference; explicitFileType = wrapper.cfbundle; includeInIndex = 0; path = TableViewTestTests.xctest; sourceTree = BUILT_PRODUCTS_DIR; };
		92D7FFE51A776BF2005DE469 /* Info.plist */ = {isa = PBXFileReference; lastKnownFileType = text.plist.xml; path = Info.plist; sourceTree = "<group>"; };
		92D7FFE61A776BF2005DE469 /* TableViewTestTests.m */ = {isa = PBXFileReference; lastKnownFileType = sourcecode.c.objc; path = TableViewTestTests.m; sourceTree = "<group>"; };
		92D7FFF01A777A76005DE469 /* TableViewController.h */ = {isa = PBXFileReference; fileEncoding = 4; lastKnownFileType = sourcecode.c.h; path = TableViewController.h; sourceTree = "<group>"; };
		92D7FFF11A777A76005DE469 /* TableViewController.m */ = {isa = PBXFileReference; fileEncoding = 4; lastKnownFileType = sourcecode.c.objc; path = TableViewController.m; sourceTree = "<group>"; };
/* End PBXFileReference section */

/* Begin PBXFrameworksBuildPhase section */
		92D7FFC41A776BF2005DE469 /* Frameworks */ = {
			isa = PBXFrameworksBuildPhase;
			buildActionMask = 2147483647;
			files = (
			);
			runOnlyForDeploymentPostprocessing = 0;
		};
		92D7FFDD1A776BF2005DE469 /* Frameworks */ = {
			isa = PBXFrameworksBuildPhase;
			buildActionMask = 2147483647;
			files = (
			);
			runOnlyForDeploymentPostprocessing = 0;
		};
/* End PBXFrameworksBuildPhase section */

/* Begin PBXGroup section */
		92D7FFBE1A776BF2005DE469 = {
			isa = PBXGroup;
			children = (
				92D7FFC91A776BF2005DE469 /* TableViewTest */,
				92D7FFE31A776BF2005DE469 /* TableViewTestTests */,
				92D7FFC81A776BF2005DE469 /* Products */,
			);
			sourceTree = "<group>";
		};
		92D7FFC81A776BF2005DE469 /* Products */ = {
			isa = PBXGroup;
			children = (
				92D7FFC71A776BF2005DE469 /* TableViewTest.app */,
				92D7FFE01A776BF2005DE469 /* TableViewTestTests.xctest */,
			);
			name = Products;
			sourceTree = "<group>";
		};
		92D7FFC91A776BF2005DE469 /* TableViewTest */ = {
			isa = PBXGroup;
			children = (
				92D7FFCE1A776BF2005DE469 /* AppDelegate.h */,
				92D7FFCF1A776BF2005DE469 /* AppDelegate.m */,
				92D7FFD11A776BF2005DE469 /* DetailViewController.h */,
				92D7FFD21A776BF2005DE469 /* DetailViewController.m */,
				92D7FFF01A777A76005DE469 /* TableViewController.h */,
				92D7FFF11A777A76005DE469 /* TableViewController.m */,
				92D7FFD41A776BF2005DE469 /* Main.storyboard */,
				92D7FFD71A776BF2005DE469 /* Images.xcassets */,
				92D7FFD91A776BF2005DE469 /* LaunchScreen.xib */,
				92D7FFCA1A776BF2005DE469 /* Supporting Files */,
			);
			path = TableViewTest;
			sourceTree = "<group>";
		};
		92D7FFCA1A776BF2005DE469 /* Supporting Files */ = {
			isa = PBXGroup;
			children = (
				92D7FFCB1A776BF2005DE469 /* Info.plist */,
				92D7FFCC1A776BF2005DE469 /* main.m */,
			);
			name = "Supporting Files";
			sourceTree = "<group>";
		};
		92D7FFE31A776BF2005DE469 /* TableViewTestTests */ = {
			isa = PBXGroup;
			children = (
				92D7FFE61A776BF2005DE469 /* TableViewTestTests.m */,
				92D7FFE41A776BF2005DE469 /* Supporting Files */,
			);
			path = TableViewTestTests;
			sourceTree = "<group>";
		};
		92D7FFE41A776BF2005DE469 /* Supporting Files */ = {
			isa = PBXGroup;
			children = (
				92D7FFE51A776BF2005DE469 /* Info.plist */,
			);
			name = "Supporting Files";
			sourceTree = "<group>";
		};
/* End PBXGroup section */

/* Begin PBXNativeTarget section */
		92D7FFC61A776BF2005DE469 /* TableViewTest */ = {
			isa = PBXNativeTarget;
			buildConfigurationList = 92D7FFEA1A776BF2005DE469 /* Build configuration list for PBXNativeTarget "TableViewTest" */;
			buildPhases = (
				92D7FFC31A776BF2005DE469 /* Sources */,
				92D7FFC41A776BF2005DE469 /* Frameworks */,
				92D7FFC51A776BF2005DE469 /* Resources */,
			);
			buildRules = (
			);
			dependencies = (
			);
			name = TableViewTest;
			productName = TableViewTest;
			productReference = 92D7FFC71A776BF2005DE469 /* TableViewTest.app */;
			productType = "com.apple.product-type.application";
		};
		92D7FFDF1A776BF2005DE469 /* TableViewTestTests */ = {
			isa = PBXNativeTarget;
			buildConfigurationList = 92D7FFED1A776BF2005DE469 /* Build configuration list for PBXNativeTarget "TableViewTestTests" */;
			buildPhases = (
				92D7FFDC1A776BF2005DE469 /* Sources */,
				92D7FFDD1A776BF2005DE469 /* Frameworks */,
				92D7FFDE1A776BF2005DE469 /* Resources */,
			);
			buildRules = (
			);
			dependencies = (
				92D7FFE21A776BF2005DE469 /* PBXTargetDependency */,
			);
			name = TableViewTestTests;
			productName = TableViewTestTests;
			productReference = 92D7FFE01A776BF2005DE469 /* TableViewTestTests.xctest */;
			productType = "com.apple.product-type.bundle.unit-test";
		};
/* End PBXNativeTarget section */

/* Begin PBXProject section */
		92D7FFBF1A776BF2005DE469 /* Project object */ = {
			isa = PBXProject;
			attributes = {
				LastUpgradeCheck = 0610;
				ORGANIZATIONNAME = PeterWang;
				TargetAttributes = {
					92D7FFC61A776BF2005DE469 = {
						CreatedOnToolsVersion = 6.1.1;
					};
					92D7FFDF1A776BF2005DE469 = {
						CreatedOnToolsVersion = 6.1.1;
						TestTargetID = 92D7FFC61A776BF2005DE469;
					};
				};
			};
			buildConfigurationList = 92D7FFC21A776BF2005DE469 /* Build configuration list for PBXProject "TableViewTest" */;
			compatibilityVersion = "Xcode 3.2";
			developmentRegion = English;
			hasScannedForEncodings = 0;
			knownRegions = (
				en,
				Base,
			);
			mainGroup = 92D7FFBE1A776BF2005DE469;
			productRefGroup = 92D7FFC81A776BF2005DE469 /* Products */;
			projectDirPath = "";
			projectRoot = "";
			targets = (
				92D7FFC61A776BF2005DE469 /* TableViewTest */,
				92D7FFDF1A776BF2005DE469 /* TableViewTestTests */,
			);
		};
/* End PBXProject section */

/* Begin PBXResourcesBuildPhase section */
		92D7FFC51A776BF2005DE469 /* Resources */ = {
			isa = PBXResourcesBuildPhase;
			buildActionMask = 2147483647;
			files = (
				92D7FFD61A776BF2005DE469 /* Main.storyboard in Resources */,
				92D7FFDB1A776BF2005DE469 /* LaunchScreen.xib in Resources */,
				92D7FFD81A776BF2005DE469 /* Images.xcassets in Resources */,
			);
			runOnlyForDeploymentPostprocessing = 0;
		};
		92D7FFDE1A776BF2005DE469 /* Resources */ = {
			isa = PBXResourcesBuildPhase;
			buildActionMask = 2147483647;
			files = (
			);
			runOnlyForDeploymentPostprocessing = 0;
		};
/* End PBXResourcesBuildPhase section */

/* Begin PBXSourcesBuildPhase section */
		92D7FFC31A776BF2005DE469 /* Sources */ = {
			isa = PBXSourcesBuildPhase;
			buildActionMask = 2147483647;
			files = (
				92D7FFD31A776BF2005DE469 /* DetailViewController.m in Sources */,
				92D7FFD01A776BF2005DE469 /* AppDelegate.m in Sources */,
				92D7FFCD1A776BF2005DE469 /* main.m in Sources */,
				92D7FFF21A777A76005DE469 /* TableViewController.m in Sources */,
			);
			runOnlyForDeploymentPostprocessing = 0;
		};
		92D7FFDC1A776BF2005DE469 /* Sources */ = {
			isa = PBXSourcesBuildPhase;
			buildActionMask = 2147483647;
			files = (
				92D7FFE71A776BF2005DE469 /* TableViewTestTests.m in Sources */,
			);
			runOnlyForDeploymentPostprocessing = 0;
		};
/* End PBXSourcesBuildPhase section */

/* Begin PBXTargetDependency section */
		92D7FFE21A776BF2005DE469 /* PBXTargetDependency */ = {
			isa = PBXTargetDependency;
			target = 92D7FFC61A776BF2005DE469 /* TableViewTest */;
			targetProxy = 92D7FFE11A776BF2005DE469 /* PBXContainerItemProxy */;
		};
/* End PBXTargetDependency section */

/* Begin PBXVariantGroup section */
		92D7FFD41A776BF2005DE469 /* Main.storyboard */ = {
			isa = PBXVariantGroup;
			children = (
				92D7FFD51A776BF2005DE469 /* Base */,
			);
			name = Main.storyboard;
			sourceTree = "<group>";
		};
		92D7FFD91A776BF2005DE469 /* LaunchScreen.xib */ = {
			isa = PBXVariantGroup;
			children = (
				92D7FFDA1A776BF2005DE469 /* Base */,
			);
			name = LaunchScreen.xib;
			sourceTree = "<group>";
		};
/* End PBXVariantGroup section */

/* Begin XCBuildConfiguration section */
		92D7FFE81A776BF2005DE469 /* Debug */ = {
			isa = XCBuildConfiguration;
			buildSettings = {
				ALWAYS_SEARCH_USER_PATHS = NO;
				CLANG_CXX_LANGUAGE_STANDARD = "gnu++0x";
				CLANG_CXX_LIBRARY = "libc++";
				CLANG_ENABLE_MODULES = YES;
				CLANG_ENABLE_OBJC_ARC = YES;
				CLANG_WARN_BOOL_CONVERSION = YES;
				CLANG_WARN_CONSTANT_CONVERSION = YES;
				CLANG_WARN_DIRECT_OBJC_ISA_USAGE = YES_ERROR;
				CLANG_WARN_EMPTY_BODY = YES;
				CLANG_WARN_ENUM_CONVERSION = YES;
				CLANG_WARN_INT_CONVERSION = YES;
				CLANG_WARN_OBJC_ROOT_CLASS = YES_ERROR;
				CLANG_WARN_UNREACHABLE_CODE = YES;
				CLANG_WARN__DUPLICATE_METHOD_MATCH = YES;
				"CODE_SIGN_IDENTITY[sdk=iphoneos*]" = "iPhone Developer";
				COPY_PHASE_STRIP = NO;
				ENABLE_STRICT_OBJC_MSGSEND = YES;
				GCC_C_LANGUAGE_STANDARD = gnu99;
				GCC_DYNAMIC_NO_PIC = NO;
				GCC_OPTIMIZATION_LEVEL = 0;
				GCC_PREPROCESSOR_DEFINITIONS = (
					"DEBUG=1",
					"$(inherited)",
				);
				GCC_SYMBOLS_PRIVATE_EXTERN = NO;
				GCC_WARN_64_TO_32_BIT_CONVERSION = YES;
				GCC_WARN_ABOUT_RETURN_TYPE = YES_ERROR;
				GCC_WARN_UNDECLARED_SELECTOR = YES;
				GCC_WARN_UNINITIALIZED_AUTOS = YES_AGGRESSIVE;
				GCC_WARN_UNUSED_FUNCTION = YES;
				GCC_WARN_UNUSED_VARIABLE = YES;
				IPHONEOS_DEPLOYMENT_TARGET = 8.1;
				MTL_ENABLE_DEBUG_INFO = YES;
				ONLY_ACTIVE_ARCH = YES;
				SDKROOT = iphoneos;
			};
			name = Debug;
		};
		92D7FFE91A776BF2005DE469 /* Release */ = {
			isa = XCBuildConfiguration;
			buildSettings = {
				ALWAYS_SEARCH_USER_PATHS = NO;
				CLANG_CXX_LANGUAGE_STANDARD = "gnu++0x";
				CLANG_CXX_LIBRARY = "libc++";
				CLANG_ENABLE_MODULES = YES;
				CLANG_ENABLE_OBJC_ARC = YES;
				CLANG_WARN_BOOL_CONVERSION = YES;
				CLANG_WARN_CONSTANT_CONVERSION = YES;
				CLANG_WARN_DIRECT_OBJC_ISA_USAGE = YES_ERROR;
				CLANG_WARN_EMPTY_BODY = YES;
				CLANG_WARN_ENUM_CONVERSION = YES;
				CLANG_WARN_INT_CONVERSION = YES;
				CLANG_WARN_OBJC_ROOT_CLASS = YES_ERROR;
				CLANG_WARN_UNREACHABLE_CODE = YES;
				CLANG_WARN__DUPLICATE_METHOD_MATCH = YES;
				"CODE_SIGN_IDENTITY[sdk=iphoneos*]" = "iPhone Developer";
				COPY_PHASE_STRIP = YES;
				ENABLE_NS_ASSERTIONS = NO;
				ENABLE_STRICT_OBJC_MSGSEND = YES;
				GCC_C_LANGUAGE_STANDARD = gnu99;
				GCC_WARN_64_TO_32_BIT_CONVERSION = YES;
				GCC_WARN_ABOUT_RETURN_TYPE = YES_ERROR;
				GCC_WARN_UNDECLARED_SELECTOR = YES;
				GCC_WARN_UNINITIALIZED_AUTOS = YES_AGGRESSIVE;
				GCC_WARN_UNUSED_FUNCTION = YES;
				GCC_WARN_UNUSED_VARIABLE = YES;
				IPHONEOS_DEPLOYMENT_TARGET = 8.1;
				MTL_ENABLE_DEBUG_INFO = NO;
				SDKROOT = iphoneos;
				VALIDATE_PRODUCT = YES;
			};
			name = Release;
		};
		92D7FFEB1A776BF2005DE469 /* Debug */ = {
			isa = XCBuildConfiguration;
			buildSettings = {
				ASSETCATALOG_COMPILER_APPICON_NAME = AppIcon;
				INFOPLIST_FILE = TableViewTest/Info.plist;
				LD_RUNPATH_SEARCH_PATHS = "$(inherited) @executable_path/Frameworks";
				PRODUCT_NAME = "$(TARGET_NAME)";
			};
			name = Debug;
		};
		92D7FFEC1A776BF2005DE469 /* Release */ = {
			isa = XCBuildConfiguration;
			buildSettings = {
				ASSETCATALOG_COMPILER_APPICON_NAME = AppIcon;
				INFOPLIST_FILE = TableViewTest/Info.plist;
				LD_RUNPATH_SEARCH_PATHS = "$(inherited) @executable_path/Frameworks";
				PRODUCT_NAME = "$(TARGET_NAME)";
			};
			name = Release;
		};
		92D7FFEE1A776BF2005DE469 /* Debug */ = {
			isa = XCBuildConfiguration;
			buildSettings = {
				BUNDLE_LOADER = "$(TEST_HOST)";
				FRAMEWORK_SEARCH_PATHS = (
					"$(SDKROOT)/Developer/Library/Frameworks",
					"$(inherited)",
				);
				GCC_PREPROCESSOR_DEFINITIONS = (
					"DEBUG=1",
					"$(inherited)",
				);
				INFOPLIST_FILE = TableViewTestTests/Info.plist;
				LD_RUNPATH_SEARCH_PATHS = "$(inherited) @executable_path/Frameworks @loader_path/Frameworks";
				PRODUCT_NAME = "$(TARGET_NAME)";
				TEST_HOST = "$(BUILT_PRODUCTS_DIR)/TableViewTest.app/TableViewTest";
			};
			name = Debug;
		};
		92D7FFEF1A776BF2005DE469 /* Release */ = {
			isa = XCBuildConfiguration;
			buildSettings = {
				BUNDLE_LOADER = "$(TEST_HOST)";
				FRAMEWORK_SEARCH_PATHS = (
					"$(SDKROOT)/Developer/Library/Frameworks",
					"$(inherited)",
				);
				INFOPLIST_FILE = TableViewTestTests/Info.plist;
				LD_RUNPATH_SEARCH_PATHS = "$(inherited) @executable_path/Frameworks @loader_path/Frameworks";
				PRODUCT_NAME = "$(TARGET_NAME)";
				TEST_HOST = "$(BUILT_PRODUCTS_DIR)/TableViewTest.app/TableViewTest";
			};
			name = Release;
		};
/* End XCBuildConfiguration section */

/* Begin XCConfigurationList section */
		92D7FFC21A776BF2005DE469 /* Build configuration list for PBXProject "TableViewTest" */ = {
			isa = XCConfigurationList;
			buildConfigurations = (
				92D7FFE81A776BF2005DE469 /* Debug */,
				92D7FFE91A776BF2005DE469 /* Release */,
			);
			defaultConfigurationIsVisible = 0;
			defaultConfigurationName = Release;
		};
		92D7FFEA1A776BF2005DE469 /* Build configuration list for PBXNativeTarget "TableViewTest" */ = {
			isa = XCConfigurationList;
			buildConfigurations = (
				92D7FFEB1A776BF2005DE469 /* Debug */,
				92D7FFEC1A776BF2005DE469 /* Release */,
			);
			defaultConfigurationIsVisible = 0;
			defaultConfigurationName = Release;
		};
		92D7FFED1A776BF2005DE469 /* Build configuration list for PBXNativeTarget "TableViewTestTests" */ = {
			isa = XCConfigurationList;
			buildConfigurations = (
				92D7FFEE1A776BF2005DE469 /* Debug */,
				92D7FFEF1A776BF2005DE469 /* Release */,
			);
			defaultConfigurationIsVisible = 0;
			defaultConfigurationName = Release;
		};
/* End XCConfigurationList section */
	};
	rootObject = 92D7FFBF1A776BF2005DE469 /* Project object */;
}
