// !$*UTF8*$!
{
	archiveVersion = 1;
	classes = {
	};
	objectVersion = 46;
	objects = {

/* Begin PBXBuildFile section */
		9228C1BB1A68B9D600FE8584 /* AppDelegate.m in Sources */ = {isa = PBXBuildFile; fileRef = 9228C1B01A68B9D600FE8584 /* AppDelegate.m */; };
		9228C1BC1A68B9D600FE8584 /* ATRMainViewController.m in Sources */ = {isa = PBXBuildFile; fileRef = 9228C1B31A68B9D600FE8584 /* ATRMainViewController.m */; };
		9228C1BD1A68B9D600FE8584 /* Images.xcassets in Resources */ = {isa = PBXBuildFile; fileRef = 9228C1B61A68B9D600FE8584 /* Images.xcassets */; };
		9228C1BE1A68B9D600FE8584 /* LaunchScreen.xib in Resources */ = {isa = PBXBuildFile; fileRef = 9228C1B71A68B9D600FE8584 /* LaunchScreen.xib */; };
		9228C1BF1A68B9D600FE8584 /* Main.storyboard in Resources */ = {isa = PBXBuildFile; fileRef = 9228C1B81A68B9D600FE8584 /* Main.storyboard */; };
		9228C1C01A68B9D600FE8584 /* Info.plist in Resources */ = {isa = PBXBuildFile; fileRef = 9228C1B91A68B9D600FE8584 /* Info.plist */; };
		9228C1C11A68B9D600FE8584 /* main.m in Sources */ = {isa = PBXBuildFile; fileRef = 9228C1BA1A68B9D600FE8584 /* main.m */; };
		9228C1C41A68BB5D00FE8584 /* ATRTextStatsViewController.m in Sources */ = {isa = PBXBuildFile; fileRef = 9228C1C31A68BB5D00FE8584 /* ATRTextStatsViewController.m */; };
/* End PBXBuildFile section */

/* Begin PBXFileReference section */
		9228C1AF1A68B9D600FE8584 /* AppDelegate.h */ = {isa = PBXFileReference; fileEncoding = 4; lastKnownFileType = sourcecode.c.h; path = AppDelegate.h; sourceTree = "<group>"; };
		9228C1B01A68B9D600FE8584 /* AppDelegate.m */ = {isa = PBXFileReference; fileEncoding = 4; lastKnownFileType = sourcecode.c.objc; path = AppDelegate.m; sourceTree = "<group>"; };
		9228C1B21A68B9D600FE8584 /* ATRMainViewController.h */ = {isa = PBXFileReference; fileEncoding = 4; lastKnownFileType = sourcecode.c.h; path = ATRMainViewController.h; sourceTree = "<group>"; };
		9228C1B31A68B9D600FE8584 /* ATRMainViewController.m */ = {isa = PBXFileReference; fileEncoding = 4; lastKnownFileType = sourcecode.c.objc; path = ATRMainViewController.m; sourceTree = "<group>"; };
		9228C1B61A68B9D600FE8584 /* Images.xcassets */ = {isa = PBXFileReference; lastKnownFileType = folder.assetcatalog; path = Images.xcassets; sourceTree = "<group>"; };
		9228C1B71A68B9D600FE8584 /* LaunchScreen.xib */ = {isa = PBXFileReference; fileEncoding = 4; lastKnownFileType = file.xib; path = LaunchScreen.xib; sourceTree = "<group>"; };
		9228C1B81A68B9D600FE8584 /* Main.storyboard */ = {isa = PBXFileReference; fileEncoding = 4; lastKnownFileType = file.storyboard; path = Main.storyboard; sourceTree = "<group>"; };
		9228C1B91A68B9D600FE8584 /* Info.plist */ = {isa = PBXFileReference; fileEncoding = 4; lastKnownFileType = text.plist.xml; name = Info.plist; path = Attributor2/Info.plist; sourceTree = SOURCE_ROOT; };
		9228C1BA1A68B9D600FE8584 /* main.m */ = {isa = PBXFileReference; fileEncoding = 4; lastKnownFileType = sourcecode.c.objc; name = main.m; path = Attributor2/main.m; sourceTree = SOURCE_ROOT; };
		9228C1C21A68BB5D00FE8584 /* ATRTextStatsViewController.h */ = {isa = PBXFileReference; fileEncoding = 4; lastKnownFileType = sourcecode.c.h; path = ATRTextStatsViewController.h; sourceTree = "<group>"; };
		9228C1C31A68BB5D00FE8584 /* ATRTextStatsViewController.m */ = {isa = PBXFileReference; fileEncoding = 4; lastKnownFileType = sourcecode.c.objc; path = ATRTextStatsViewController.m; sourceTree = "<group>"; };
		925642681A678D0F00A3A5C6 /* Attributor2.app */ = {isa = PBXFileReference; explicitFileType = wrapper.application; includeInIndex = 0; path = Attributor2.app; sourceTree = BUILT_PRODUCTS_DIR; };
/* End PBXFileReference section */

/* Begin PBXFrameworksBuildPhase section */
		925642651A678D0F00A3A5C6 /* Frameworks */ = {
			isa = PBXFrameworksBuildPhase;
			buildActionMask = 2147483647;
			files = (
			);
			runOnlyForDeploymentPostprocessing = 0;
		};
/* End PBXFrameworksBuildPhase section */

/* Begin PBXGroup section */
		9228C1AD1A68B9D600FE8584 /* Attributor2 */ = {
			isa = PBXGroup;
			children = (
				9228C1AE1A68B9D600FE8584 /* Classes */,
				9256426B1A678D0F00A3A5C6 /* Supporting Files */,
			);
			path = Attributor2;
			sourceTree = "<group>";
		};
		9228C1AE1A68B9D600FE8584 /* Classes */ = {
			isa = PBXGroup;
			children = (
				9228C1AF1A68B9D600FE8584 /* AppDelegate.h */,
				9228C1B01A68B9D600FE8584 /* AppDelegate.m */,
				9228C1B11A68B9D600FE8584 /* Controller */,
				9228C1B41A68B9D600FE8584 /* Model */,
				9228C1B51A68B9D600FE8584 /* View */,
			);
			path = Classes;
			sourceTree = "<group>";
		};
		9228C1B11A68B9D600FE8584 /* Controller */ = {
			isa = PBXGroup;
			children = (
				9228C1B21A68B9D600FE8584 /* ATRMainViewController.h */,
				9228C1B31A68B9D600FE8584 /* ATRMainViewController.m */,
				9228C1C21A68BB5D00FE8584 /* ATRTextStatsViewController.h */,
				9228C1C31A68BB5D00FE8584 /* ATRTextStatsViewController.m */,
			);
			path = Controller;
			sourceTree = "<group>";
		};
		9228C1B41A68B9D600FE8584 /* Model */ = {
			isa = PBXGroup;
			children = (
			);
			path = Model;
			sourceTree = "<group>";
		};
		9228C1B51A68B9D600FE8584 /* View */ = {
			isa = PBXGroup;
			children = (
				9228C1B61A68B9D600FE8584 /* Images.xcassets */,
				9228C1B71A68B9D600FE8584 /* LaunchScreen.xib */,
				9228C1B81A68B9D600FE8584 /* Main.storyboard */,
			);
			path = View;
			sourceTree = "<group>";
		};
		9256425F1A678D0F00A3A5C6 = {
			isa = PBXGroup;
			children = (
				9228C1AD1A68B9D600FE8584 /* Attributor2 */,
				925642691A678D0F00A3A5C6 /* Products */,
			);
			sourceTree = "<group>";
		};
		925642691A678D0F00A3A5C6 /* Products */ = {
			isa = PBXGroup;
			children = (
				925642681A678D0F00A3A5C6 /* Attributor2.app */,
			);
			name = Products;
			sourceTree = "<group>";
		};
		9256426B1A678D0F00A3A5C6 /* Supporting Files */ = {
			isa = PBXGroup;
			children = (
				9228C1B91A68B9D600FE8584 /* Info.plist */,
				9228C1BA1A68B9D600FE8584 /* main.m */,
			);
			name = "Supporting Files";
			path = ../Attributor;
			sourceTree = "<group>";
		};
/* End PBXGroup section */

/* Begin PBXNativeTarget section */
		925642671A678D0F00A3A5C6 /* Attributor2 */ = {
			isa = PBXNativeTarget;
			buildConfigurationList = 9256428B1A678D0F00A3A5C6 /* Build configuration list for PBXNativeTarget "Attributor2" */;
			buildPhases = (
				925642641A678D0F00A3A5C6 /* Sources */,
				925642651A678D0F00A3A5C6 /* Frameworks */,
				925642661A678D0F00A3A5C6 /* Resources */,
			);
			buildRules = (
			);
			dependencies = (
			);
			name = Attributor2;
			productName = Attributor;
			productReference = 925642681A678D0F00A3A5C6 /* Attributor2.app */;
			productType = "com.apple.product-type.application";
		};
/* End PBXNativeTarget section */

/* Begin PBXProject section */
		925642601A678D0F00A3A5C6 /* Project object */ = {
			isa = PBXProject;
			attributes = {
				LastUpgradeCheck = 0610;
				ORGANIZATIONNAME = PeterWang;
				TargetAttributes = {
					925642671A678D0F00A3A5C6 = {
						CreatedOnToolsVersion = 6.1.1;
					};
				};
			};
			buildConfigurationList = 925642631A678D0F00A3A5C6 /* Build configuration list for PBXProject "Attributor2" */;
			compatibilityVersion = "Xcode 3.2";
			developmentRegion = English;
			hasScannedForEncodings = 0;
			knownRegions = (
				en,
				Base,
			);
			mainGroup = 9256425F1A678D0F00A3A5C6;
			productRefGroup = 925642691A678D0F00A3A5C6 /* Products */;
			projectDirPath = "";
			projectRoot = "";
			targets = (
				925642671A678D0F00A3A5C6 /* Attributor2 */,
			);
		};
/* End PBXProject section */

/* Begin PBXResourcesBuildPhase section */
		925642661A678D0F00A3A5C6 /* Resources */ = {
			isa = PBXResourcesBuildPhase;
			buildActionMask = 2147483647;
			files = (
				9228C1C01A68B9D600FE8584 /* Info.plist in Resources */,
				9228C1BF1A68B9D600FE8584 /* Main.storyboard in Resources */,
				9228C1BE1A68B9D600FE8584 /* LaunchScreen.xib in Resources */,
				9228C1BD1A68B9D600FE8584 /* Images.xcassets in Resources */,
			);
			runOnlyForDeploymentPostprocessing = 0;
		};
/* End PBXResourcesBuildPhase section */

/* Begin PBXSourcesBuildPhase section */
		925642641A678D0F00A3A5C6 /* Sources */ = {
			isa = PBXSourcesBuildPhase;
			buildActionMask = 2147483647;
			files = (
				9228C1BB1A68B9D600FE8584 /* AppDelegate.m in Sources */,
				9228C1C41A68BB5D00FE8584 /* ATRTextStatsViewController.m in Sources */,
				9228C1C11A68B9D600FE8584 /* main.m in Sources */,
				9228C1BC1A68B9D600FE8584 /* ATRMainViewController.m in Sources */,
			);
			runOnlyForDeploymentPostprocessing = 0;
		};
/* End PBXSourcesBuildPhase section */

/* Begin XCBuildConfiguration section */
		925642891A678D0F00A3A5C6 /* Debug */ = {
			isa = XCBuildConfiguration;
			buildSettings = {
				ALWAYS_SEARCH_USER_PATHS = NO;
				CLANG_CXX_LANGUAGE_STANDARD = "gnu++0x";
				CLANG_CXX_LIBRARY = "libc++";
				CLANG_ENABLE_MODULES = YES;
				CLANG_ENABLE_OBJC_ARC = YES;
				CLANG_WARN_BOOL_CONVERSION = YES;
				CLANG_WARN_CONSTANT_CONVERSION = YES;
				CLANG_WARN_DIRECT_OBJC_ISA_USAGE = YES_ERROR;
				CLANG_WARN_EMPTY_BODY = YES;
				CLANG_WARN_ENUM_CONVERSION = YES;
				CLANG_WARN_INT_CONVERSION = YES;
				CLANG_WARN_OBJC_ROOT_CLASS = YES_ERROR;
				CLANG_WARN_UNREACHABLE_CODE = YES;
				CLANG_WARN__DUPLICATE_METHOD_MATCH = YES;
				"CODE_SIGN_IDENTITY[sdk=iphoneos*]" = "iPhone Developer";
				COPY_PHASE_STRIP = NO;
				ENABLE_STRICT_OBJC_MSGSEND = YES;
				GCC_C_LANGUAGE_STANDARD = gnu99;
				GCC_DYNAMIC_NO_PIC = NO;
				GCC_OPTIMIZATION_LEVEL = 0;
				GCC_PREPROCESSOR_DEFINITIONS = (
					"DEBUG=1",
					"$(inherited)",
				);
				GCC_SYMBOLS_PRIVATE_EXTERN = NO;
				GCC_WARN_64_TO_32_BIT_CONVERSION = YES;
				GCC_WARN_ABOUT_RETURN_TYPE = YES_ERROR;
				GCC_WARN_UNDECLARED_SELECTOR = YES;
				GCC_WARN_UNINITIALIZED_AUTOS = YES_AGGRESSIVE;
				GCC_WARN_UNUSED_FUNCTION = YES;
				GCC_WARN_UNUSED_VARIABLE = YES;
				IPHONEOS_DEPLOYMENT_TARGET = 8.1;
				MTL_ENABLE_DEBUG_INFO = YES;
				ONLY_ACTIVE_ARCH = YES;
				SDKROOT = iphoneos;
				TARGETED_DEVICE_FAMILY = "1,2";
			};
			name = Debug;
		};
		9256428A1A678D0F00A3A5C6 /* Release */ = {
			isa = XCBuildConfiguration;
			buildSettings = {
				ALWAYS_SEARCH_USER_PATHS = NO;
				CLANG_CXX_LANGUAGE_STANDARD = "gnu++0x";
				CLANG_CXX_LIBRARY = "libc++";
				CLANG_ENABLE_MODULES = YES;
				CLANG_ENABLE_OBJC_ARC = YES;
				CLANG_WARN_BOOL_CONVERSION = YES;
				CLANG_WARN_CONSTANT_CONVERSION = YES;
				CLANG_WARN_DIRECT_OBJC_ISA_USAGE = YES_ERROR;
				CLANG_WARN_EMPTY_BODY = YES;
				CLANG_WARN_ENUM_CONVERSION = YES;
				CLANG_WARN_INT_CONVERSION = YES;
				CLANG_WARN_OBJC_ROOT_CLASS = YES_ERROR;
				CLANG_WARN_UNREACHABLE_CODE = YES;
				CLANG_WARN__DUPLICATE_METHOD_MATCH = YES;
				"CODE_SIGN_IDENTITY[sdk=iphoneos*]" = "iPhone Developer";
				COPY_PHASE_STRIP = YES;
				ENABLE_NS_ASSERTIONS = NO;
				ENABLE_STRICT_OBJC_MSGSEND = YES;
				GCC_C_LANGUAGE_STANDARD = gnu99;
				GCC_WARN_64_TO_32_BIT_CONVERSION = YES;
				GCC_WARN_ABOUT_RETURN_TYPE = YES_ERROR;
				GCC_WARN_UNDECLARED_SELECTOR = YES;
				GCC_WARN_UNINITIALIZED_AUTOS = YES_AGGRESSIVE;
				GCC_WARN_UNUSED_FUNCTION = YES;
				GCC_WARN_UNUSED_VARIABLE = YES;
				IPHONEOS_DEPLOYMENT_TARGET = 8.1;
				MTL_ENABLE_DEBUG_INFO = NO;
				SDKROOT = iphoneos;
				TARGETED_DEVICE_FAMILY = "1,2";
				VALIDATE_PRODUCT = YES;
			};
			name = Release;
		};
		9256428C1A678D0F00A3A5C6 /* Debug */ = {
			isa = XCBuildConfiguration;
			buildSettings = {
				ASSETCATALOG_COMPILER_APPICON_NAME = AppIcon;
				INFOPLIST_FILE = Attributor2/Info.plist;
				LD_RUNPATH_SEARCH_PATHS = "$(inherited) @executable_path/Frameworks";
				PRODUCT_NAME = Attributor2;
			};
			name = Debug;
		};
		9256428D1A678D0F00A3A5C6 /* Release */ = {
			isa = XCBuildConfiguration;
			buildSettings = {
				ASSETCATALOG_COMPILER_APPICON_NAME = AppIcon;
				INFOPLIST_FILE = Attributor2/Info.plist;
				LD_RUNPATH_SEARCH_PATHS = "$(inherited) @executable_path/Frameworks";
				PRODUCT_NAME = Attributor2;
			};
			name = Release;
		};
/* End XCBuildConfiguration section */

/* Begin XCConfigurationList section */
		925642631A678D0F00A3A5C6 /* Build configuration list for PBXProject "Attributor2" */ = {
			isa = XCConfigurationList;
			buildConfigurations = (
				925642891A678D0F00A3A5C6 /* Debug */,
				9256428A1A678D0F00A3A5C6 /* Release */,
			);
			defaultConfigurationIsVisible = 0;
			defaultConfigurationName = Release;
		};
		9256428B1A678D0F00A3A5C6 /* Build configuration list for PBXNativeTarget "Attributor2" */ = {
			isa = XCConfigurationList;
			buildConfigurations = (
				9256428C1A678D0F00A3A5C6 /* Debug */,
				9256428D1A678D0F00A3A5C6 /* Release */,
			);
			defaultConfigurationIsVisible = 0;
			defaultConfigurationName = Release;
		};
/* End XCConfigurationList section */
	};
	rootObject = 925642601A678D0F00A3A5C6 /* Project object */;
}
