// !$*UTF8*$!
{
	archiveVersion = 1;
	classes = {
	};
	objectVersion = 46;
	objects = {

/* Begin PBXBuildFile section */
		92BD78B61A763CCB00B67ACD /* main.m in Sources */ = {isa = PBXBuildFile; fileRef = 92BD78B51A763CCB00B67ACD /* main.m */; };
		92BD78E41A763D2400B67ACD /* AppDelegate.m in Sources */ = {isa = PBXBuildFile; fileRef = 92BD78DB1A763D2400B67ACD /* AppDelegate.m */; };
		92BD78E51A763D2400B67ACD /* IGMMainViewController.m in Sources */ = {isa = PBXBuildFile; fileRef = 92BD78DE1A763D2400B67ACD /* IGMMainViewController.m */; };
		92BD78E61A763D2400B67ACD /* Images.xcassets in Resources */ = {isa = PBXBuildFile; fileRef = 92BD78E11A763D2400B67ACD /* Images.xcassets */; };
		92BD78E71A763D2400B67ACD /* LaunchScreen.xib in Resources */ = {isa = PBXBuildFile; fileRef = 92BD78E21A763D2400B67ACD /* LaunchScreen.xib */; };
		92BD78E81A763D2400B67ACD /* Main.storyboard in Resources */ = {isa = PBXBuildFile; fileRef = 92BD78E31A763D2400B67ACD /* Main.storyboard */; };
		92BD78EB1A763F7100B67ACD /* IGMImageViewController.m in Sources */ = {isa = PBXBuildFile; fileRef = 92BD78EA1A763F7100B67ACD /* IGMImageViewController.m */; };
/* End PBXBuildFile section */

/* Begin PBXFileReference section */
		92BD78B01A763CCB00B67ACD /* Imaginarium.app */ = {isa = PBXFileReference; explicitFileType = wrapper.application; includeInIndex = 0; path = Imaginarium.app; sourceTree = BUILT_PRODUCTS_DIR; };
		92BD78B41A763CCB00B67ACD /* Info.plist */ = {isa = PBXFileReference; lastKnownFileType = text.plist.xml; path = Info.plist; sourceTree = "<group>"; };
		92BD78B51A763CCB00B67ACD /* main.m */ = {isa = PBXFileReference; lastKnownFileType = sourcecode.c.objc; path = main.m; sourceTree = "<group>"; };
		92BD78DA1A763D2400B67ACD /* AppDelegate.h */ = {isa = PBXFileReference; fileEncoding = 4; lastKnownFileType = sourcecode.c.h; path = AppDelegate.h; sourceTree = "<group>"; };
		92BD78DB1A763D2400B67ACD /* AppDelegate.m */ = {isa = PBXFileReference; fileEncoding = 4; lastKnownFileType = sourcecode.c.objc; path = AppDelegate.m; sourceTree = "<group>"; };
		92BD78DD1A763D2400B67ACD /* IGMMainViewController.h */ = {isa = PBXFileReference; fileEncoding = 4; lastKnownFileType = sourcecode.c.h; path = IGMMainViewController.h; sourceTree = "<group>"; };
		92BD78DE1A763D2400B67ACD /* IGMMainViewController.m */ = {isa = PBXFileReference; fileEncoding = 4; lastKnownFileType = sourcecode.c.objc; path = IGMMainViewController.m; sourceTree = "<group>"; };
		92BD78E11A763D2400B67ACD /* Images.xcassets */ = {isa = PBXFileReference; lastKnownFileType = folder.assetcatalog; path = Images.xcassets; sourceTree = "<group>"; };
		92BD78E21A763D2400B67ACD /* LaunchScreen.xib */ = {isa = PBXFileReference; fileEncoding = 4; lastKnownFileType = file.xib; path = LaunchScreen.xib; sourceTree = "<group>"; };
		92BD78E31A763D2400B67ACD /* Main.storyboard */ = {isa = PBXFileReference; fileEncoding = 4; lastKnownFileType = file.storyboard; path = Main.storyboard; sourceTree = "<group>"; };
		92BD78E91A763F7100B67ACD /* IGMImageViewController.h */ = {isa = PBXFileReference; fileEncoding = 4; lastKnownFileType = sourcecode.c.h; path = IGMImageViewController.h; sourceTree = "<group>"; };
		92BD78EA1A763F7100B67ACD /* IGMImageViewController.m */ = {isa = PBXFileReference; fileEncoding = 4; lastKnownFileType = sourcecode.c.objc; path = IGMImageViewController.m; sourceTree = "<group>"; };
/* End PBXFileReference section */

/* Begin PBXFrameworksBuildPhase section */
		92BD78AD1A763CCB00B67ACD /* Frameworks */ = {
			isa = PBXFrameworksBuildPhase;
			buildActionMask = 2147483647;
			files = (
			);
			runOnlyForDeploymentPostprocessing = 0;
		};
/* End PBXFrameworksBuildPhase section */

/* Begin PBXGroup section */
		92BD78A71A763CCB00B67ACD = {
			isa = PBXGroup;
			children = (
				92BD78B21A763CCB00B67ACD /* Imaginarium */,
				92BD78B11A763CCB00B67ACD /* Products */,
			);
			sourceTree = "<group>";
		};
		92BD78B11A763CCB00B67ACD /* Products */ = {
			isa = PBXGroup;
			children = (
				92BD78B01A763CCB00B67ACD /* Imaginarium.app */,
			);
			name = Products;
			sourceTree = "<group>";
		};
		92BD78B21A763CCB00B67ACD /* Imaginarium */ = {
			isa = PBXGroup;
			children = (
				92BD78D91A763D2400B67ACD /* Classes */,
				92BD78B31A763CCB00B67ACD /* Supporting Files */,
			);
			path = Imaginarium;
			sourceTree = "<group>";
		};
		92BD78B31A763CCB00B67ACD /* Supporting Files */ = {
			isa = PBXGroup;
			children = (
				92BD78B41A763CCB00B67ACD /* Info.plist */,
				92BD78B51A763CCB00B67ACD /* main.m */,
			);
			name = "Supporting Files";
			sourceTree = "<group>";
		};
		92BD78D91A763D2400B67ACD /* Classes */ = {
			isa = PBXGroup;
			children = (
				92BD78DA1A763D2400B67ACD /* AppDelegate.h */,
				92BD78DB1A763D2400B67ACD /* AppDelegate.m */,
				92BD78DC1A763D2400B67ACD /* Controller */,
				92BD78DF1A763D2400B67ACD /* Model */,
				92BD78E01A763D2400B67ACD /* View */,
			);
			path = Classes;
			sourceTree = "<group>";
		};
		92BD78DC1A763D2400B67ACD /* Controller */ = {
			isa = PBXGroup;
			children = (
				92BD78DD1A763D2400B67ACD /* IGMMainViewController.h */,
				92BD78DE1A763D2400B67ACD /* IGMMainViewController.m */,
				92BD78E91A763F7100B67ACD /* IGMImageViewController.h */,
				92BD78EA1A763F7100B67ACD /* IGMImageViewController.m */,
			);
			path = Controller;
			sourceTree = "<group>";
		};
		92BD78DF1A763D2400B67ACD /* Model */ = {
			isa = PBXGroup;
			children = (
			);
			path = Model;
			sourceTree = "<group>";
		};
		92BD78E01A763D2400B67ACD /* View */ = {
			isa = PBXGroup;
			children = (
				92BD78E11A763D2400B67ACD /* Images.xcassets */,
				92BD78E21A763D2400B67ACD /* LaunchScreen.xib */,
				92BD78E31A763D2400B67ACD /* Main.storyboard */,
			);
			path = View;
			sourceTree = "<group>";
		};
/* End PBXGroup section */

/* Begin PBXNativeTarget section */
		92BD78AF1A763CCB00B67ACD /* Imaginarium */ = {
			isa = PBXNativeTarget;
			buildConfigurationList = 92BD78D31A763CCB00B67ACD /* Build configuration list for PBXNativeTarget "Imaginarium" */;
			buildPhases = (
				92BD78AC1A763CCB00B67ACD /* Sources */,
				92BD78AD1A763CCB00B67ACD /* Frameworks */,
				92BD78AE1A763CCB00B67ACD /* Resources */,
			);
			buildRules = (
			);
			dependencies = (
			);
			name = Imaginarium;
			productName = Imaginarium;
			productReference = 92BD78B01A763CCB00B67ACD /* Imaginarium.app */;
			productType = "com.apple.product-type.application";
		};
/* End PBXNativeTarget section */

/* Begin PBXProject section */
		92BD78A81A763CCB00B67ACD /* Project object */ = {
			isa = PBXProject;
			attributes = {
				LastUpgradeCheck = 0610;
				ORGANIZATIONNAME = PeterWang;
				TargetAttributes = {
					92BD78AF1A763CCB00B67ACD = {
						CreatedOnToolsVersion = 6.1.1;
					};
				};
			};
			buildConfigurationList = 92BD78AB1A763CCB00B67ACD /* Build configuration list for PBXProject "Imaginarium" */;
			compatibilityVersion = "Xcode 3.2";
			developmentRegion = English;
			hasScannedForEncodings = 0;
			knownRegions = (
				en,
				Base,
			);
			mainGroup = 92BD78A71A763CCB00B67ACD;
			productRefGroup = 92BD78B11A763CCB00B67ACD /* Products */;
			projectDirPath = "";
			projectRoot = "";
			targets = (
				92BD78AF1A763CCB00B67ACD /* Imaginarium */,
			);
		};
/* End PBXProject section */

/* Begin PBXResourcesBuildPhase section */
		92BD78AE1A763CCB00B67ACD /* Resources */ = {
			isa = PBXResourcesBuildPhase;
			buildActionMask = 2147483647;
			files = (
				92BD78E71A763D2400B67ACD /* LaunchScreen.xib in Resources */,
				92BD78E61A763D2400B67ACD /* Images.xcassets in Resources */,
				92BD78E81A763D2400B67ACD /* Main.storyboard in Resources */,
			);
			runOnlyForDeploymentPostprocessing = 0;
		};
/* End PBXResourcesBuildPhase section */

/* Begin PBXSourcesBuildPhase section */
		92BD78AC1A763CCB00B67ACD /* Sources */ = {
			isa = PBXSourcesBuildPhase;
			buildActionMask = 2147483647;
			files = (
				92BD78E41A763D2400B67ACD /* AppDelegate.m in Sources */,
				92BD78B61A763CCB00B67ACD /* main.m in Sources */,
				92BD78EB1A763F7100B67ACD /* IGMImageViewController.m in Sources */,
				92BD78E51A763D2400B67ACD /* IGMMainViewController.m in Sources */,
			);
			runOnlyForDeploymentPostprocessing = 0;
		};
/* End PBXSourcesBuildPhase section */

/* Begin XCBuildConfiguration section */
		92BD78D11A763CCB00B67ACD /* Debug */ = {
			isa = XCBuildConfiguration;
			buildSettings = {
				ALWAYS_SEARCH_USER_PATHS = NO;
				CLANG_CXX_LANGUAGE_STANDARD = "gnu++0x";
				CLANG_CXX_LIBRARY = "libc++";
				CLANG_ENABLE_MODULES = YES;
				CLANG_ENABLE_OBJC_ARC = YES;
				CLANG_WARN_BOOL_CONVERSION = YES;
				CLANG_WARN_CONSTANT_CONVERSION = YES;
				CLANG_WARN_DIRECT_OBJC_ISA_USAGE = YES_ERROR;
				CLANG_WARN_EMPTY_BODY = YES;
				CLANG_WARN_ENUM_CONVERSION = YES;
				CLANG_WARN_INT_CONVERSION = YES;
				CLANG_WARN_OBJC_ROOT_CLASS = YES_ERROR;
				CLANG_WARN_UNREACHABLE_CODE = YES;
				CLANG_WARN__DUPLICATE_METHOD_MATCH = YES;
				"CODE_SIGN_IDENTITY[sdk=iphoneos*]" = "iPhone Developer";
				COPY_PHASE_STRIP = NO;
				ENABLE_STRICT_OBJC_MSGSEND = YES;
				GCC_C_LANGUAGE_STANDARD = gnu99;
				GCC_DYNAMIC_NO_PIC = NO;
				GCC_OPTIMIZATION_LEVEL = 0;
				GCC_PREPROCESSOR_DEFINITIONS = (
					"DEBUG=1",
					"$(inherited)",
				);
				GCC_SYMBOLS_PRIVATE_EXTERN = NO;
				GCC_WARN_64_TO_32_BIT_CONVERSION = YES;
				GCC_WARN_ABOUT_RETURN_TYPE = YES_ERROR;
				GCC_WARN_UNDECLARED_SELECTOR = YES;
				GCC_WARN_UNINITIALIZED_AUTOS = YES_AGGRESSIVE;
				GCC_WARN_UNUSED_FUNCTION = YES;
				GCC_WARN_UNUSED_VARIABLE = YES;
				IPHONEOS_DEPLOYMENT_TARGET = 8.1;
				MTL_ENABLE_DEBUG_INFO = YES;
				ONLY_ACTIVE_ARCH = YES;
				SDKROOT = iphoneos;
			};
			name = Debug;
		};
		92BD78D21A763CCB00B67ACD /* Release */ = {
			isa = XCBuildConfiguration;
			buildSettings = {
				ALWAYS_SEARCH_USER_PATHS = NO;
				CLANG_CXX_LANGUAGE_STANDARD = "gnu++0x";
				CLANG_CXX_LIBRARY = "libc++";
				CLANG_ENABLE_MODULES = YES;
				CLANG_ENABLE_OBJC_ARC = YES;
				CLANG_WARN_BOOL_CONVERSION = YES;
				CLANG_WARN_CONSTANT_CONVERSION = YES;
				CLANG_WARN_DIRECT_OBJC_ISA_USAGE = YES_ERROR;
				CLANG_WARN_EMPTY_BODY = YES;
				CLANG_WARN_ENUM_CONVERSION = YES;
				CLANG_WARN_INT_CONVERSION = YES;
				CLANG_WARN_OBJC_ROOT_CLASS = YES_ERROR;
				CLANG_WARN_UNREACHABLE_CODE = YES;
				CLANG_WARN__DUPLICATE_METHOD_MATCH = YES;
				"CODE_SIGN_IDENTITY[sdk=iphoneos*]" = "iPhone Developer";
				COPY_PHASE_STRIP = YES;
				ENABLE_NS_ASSERTIONS = NO;
				ENABLE_STRICT_OBJC_MSGSEND = YES;
				GCC_C_LANGUAGE_STANDARD = gnu99;
				GCC_WARN_64_TO_32_BIT_CONVERSION = YES;
				GCC_WARN_ABOUT_RETURN_TYPE = YES_ERROR;
				GCC_WARN_UNDECLARED_SELECTOR = YES;
				GCC_WARN_UNINITIALIZED_AUTOS = YES_AGGRESSIVE;
				GCC_WARN_UNUSED_FUNCTION = YES;
				GCC_WARN_UNUSED_VARIABLE = YES;
				IPHONEOS_DEPLOYMENT_TARGET = 8.1;
				MTL_ENABLE_DEBUG_INFO = NO;
				SDKROOT = iphoneos;
				VALIDATE_PRODUCT = YES;
			};
			name = Release;
		};
		92BD78D41A763CCB00B67ACD /* Debug */ = {
			isa = XCBuildConfiguration;
			buildSettings = {
				ASSETCATALOG_COMPILER_APPICON_NAME = AppIcon;
				INFOPLIST_FILE = Imaginarium/Info.plist;
				LD_RUNPATH_SEARCH_PATHS = "$(inherited) @executable_path/Frameworks";
				PRODUCT_NAME = "$(TARGET_NAME)";
			};
			name = Debug;
		};
		92BD78D51A763CCB00B67ACD /* Release */ = {
			isa = XCBuildConfiguration;
			buildSettings = {
				ASSETCATALOG_COMPILER_APPICON_NAME = AppIcon;
				INFOPLIST_FILE = Imaginarium/Info.plist;
				LD_RUNPATH_SEARCH_PATHS = "$(inherited) @executable_path/Frameworks";
				PRODUCT_NAME = "$(TARGET_NAME)";
			};
			name = Release;
		};
/* End XCBuildConfiguration section */

/* Begin XCConfigurationList section */
		92BD78AB1A763CCB00B67ACD /* Build configuration list for PBXProject "Imaginarium" */ = {
			isa = XCConfigurationList;
			buildConfigurations = (
				92BD78D11A763CCB00B67ACD /* Debug */,
				92BD78D21A763CCB00B67ACD /* Release */,
			);
			defaultConfigurationIsVisible = 0;
			defaultConfigurationName = Release;
		};
		92BD78D31A763CCB00B67ACD /* Build configuration list for PBXNativeTarget "Imaginarium" */ = {
			isa = XCConfigurationList;
			buildConfigurations = (
				92BD78D41A763CCB00B67ACD /* Debug */,
				92BD78D51A763CCB00B67ACD /* Release */,
			);
			defaultConfigurationIsVisible = 0;
		};
/* End XCConfigurationList section */
	};
	rootObject = 92BD78A81A763CCB00B67ACD /* Project object */;
}
