// !$*UTF8*$!
{
	archiveVersion = 1;
	classes = {
	};
	objectVersion = 46;
	objects = {

/* Begin PBXBuildFile section */
		9290F6981A515A4D005D1E91 /* OrderedDictionary.m in Sources */ = {isa = PBXBuildFile; fileRef = 9290F6971A515A4D005D1E91 /* OrderedDictionary.m */; };
		9290F6A11A5162FB005D1E91 /* SQLDetailViewController.m in Sources */ = {isa = PBXBuildFile; fileRef = 9290F69F1A5162FB005D1E91 /* SQLDetailViewController.m */; };
		9290F6A21A5162FB005D1E91 /* SQLDetailViewController.xib in Resources */ = {isa = PBXBuildFile; fileRef = 9290F6A01A5162FB005D1E91 /* SQLDetailViewController.xib */; };
		9290F6A41A5273B8005D1E91 /* UIKit.framework in Frameworks */ = {isa = PBXBuildFile; fileRef = 9290F6A31A5273B8005D1E91 /* UIKit.framework */; };
		9290F6A61A5273C7005D1E91 /* Foundation.framework in Frameworks */ = {isa = PBXBuildFile; fileRef = 9290F6A51A5273C7005D1E91 /* Foundation.framework */; };
		9290F6A81A5273D5005D1E91 /* CoreGraphics.framework in Frameworks */ = {isa = PBXBuildFile; fileRef = 9290F6A71A5273D5005D1E91 /* CoreGraphics.framework */; };
		92D03A231A4E78910027BE9C /* libsqlite3.dylib in Frameworks */ = {isa = PBXBuildFile; fileRef = 92D03A221A4E78910027BE9C /* libsqlite3.dylib */; };
		92D03A271A4E78F10027BE9C /* nps_boundary.csv in Resources */ = {isa = PBXBuildFile; fileRef = 92D03A251A4E78F10027BE9C /* nps_boundary.csv */; };
		92D03A281A4E78F10027BE9C /* nps_boundary_csv.sqlite3 in Resources */ = {isa = PBXBuildFile; fileRef = 92D03A261A4E78F10027BE9C /* nps_boundary_csv.sqlite3 */; };
		92D03A531A4E7B5F0027BE9C /* AppDelegate.m in Sources */ = {isa = PBXBuildFile; fileRef = 92D03A4A1A4E7B5F0027BE9C /* AppDelegate.m */; };
		92D03A541A4E7B5F0027BE9C /* SQLMainViewController.m in Sources */ = {isa = PBXBuildFile; fileRef = 92D03A4D1A4E7B5F0027BE9C /* SQLMainViewController.m */; };
		92D03A551A4E7B5F0027BE9C /* Images.xcassets in Resources */ = {isa = PBXBuildFile; fileRef = 92D03A501A4E7B5F0027BE9C /* Images.xcassets */; };
		92D03A561A4E7B5F0027BE9C /* LaunchScreen.xib in Resources */ = {isa = PBXBuildFile; fileRef = 92D03A511A4E7B5F0027BE9C /* LaunchScreen.xib */; };
		92D03A571A4E7B5F0027BE9C /* Main.storyboard in Resources */ = {isa = PBXBuildFile; fileRef = 92D03A521A4E7B5F0027BE9C /* Main.storyboard */; };
		92D03A591A4E7B660027BE9C /* main.m in Sources */ = {isa = PBXBuildFile; fileRef = 92D03A581A4E7B660027BE9C /* main.m */; };
		92D03A5C1A4E7D9E0027BE9C /* SQLNationalPark.m in Sources */ = {isa = PBXBuildFile; fileRef = 92D03A5B1A4E7D9E0027BE9C /* SQLNationalPark.m */; };
		92D03A5F1A4E85220027BE9C /* SQLNationalParkDatabase.m in Sources */ = {isa = PBXBuildFile; fileRef = 92D03A5E1A4E85220027BE9C /* SQLNationalParkDatabase.m */; };
/* End PBXBuildFile section */

/* Begin PBXFileReference section */
		9229AEE91A4D56010032D34D /* SQLiteLearning.app */ = {isa = PBXFileReference; explicitFileType = wrapper.application; includeInIndex = 0; path = SQLiteLearning.app; sourceTree = BUILT_PRODUCTS_DIR; };
		9229AEED1A4D56010032D34D /* Info.plist */ = {isa = PBXFileReference; lastKnownFileType = text.plist.xml; path = Info.plist; sourceTree = "<group>"; };
		9290F6931A5158D3005D1E91 /* SQLiteLearning-PrefixHeader.pch */ = {isa = PBXFileReference; fileEncoding = 4; lastKnownFileType = sourcecode.c.h; path = "SQLiteLearning-PrefixHeader.pch"; sourceTree = "<group>"; };
		9290F6961A515A4D005D1E91 /* OrderedDictionary.h */ = {isa = PBXFileReference; fileEncoding = 4; lastKnownFileType = sourcecode.c.h; path = OrderedDictionary.h; sourceTree = "<group>"; };
		9290F6971A515A4D005D1E91 /* OrderedDictionary.m */ = {isa = PBXFileReference; fileEncoding = 4; lastKnownFileType = sourcecode.c.objc; path = OrderedDictionary.m; sourceTree = "<group>"; };
		9290F69E1A5162FB005D1E91 /* SQLDetailViewController.h */ = {isa = PBXFileReference; fileEncoding = 4; lastKnownFileType = sourcecode.c.h; path = SQLDetailViewController.h; sourceTree = "<group>"; };
		9290F69F1A5162FB005D1E91 /* SQLDetailViewController.m */ = {isa = PBXFileReference; fileEncoding = 4; lastKnownFileType = sourcecode.c.objc; path = SQLDetailViewController.m; sourceTree = "<group>"; };
		9290F6A01A5162FB005D1E91 /* SQLDetailViewController.xib */ = {isa = PBXFileReference; fileEncoding = 4; lastKnownFileType = file.xib; path = SQLDetailViewController.xib; sourceTree = "<group>"; };
		9290F6A31A5273B8005D1E91 /* UIKit.framework */ = {isa = PBXFileReference; lastKnownFileType = wrapper.framework; name = UIKit.framework; path = System/Library/Frameworks/UIKit.framework; sourceTree = SDKROOT; };
		9290F6A51A5273C7005D1E91 /* Foundation.framework */ = {isa = PBXFileReference; lastKnownFileType = wrapper.framework; name = Foundation.framework; path = System/Library/Frameworks/Foundation.framework; sourceTree = SDKROOT; };
		9290F6A71A5273D5005D1E91 /* CoreGraphics.framework */ = {isa = PBXFileReference; lastKnownFileType = wrapper.framework; name = CoreGraphics.framework; path = System/Library/Frameworks/CoreGraphics.framework; sourceTree = SDKROOT; };
		92D03A221A4E78910027BE9C /* libsqlite3.dylib */ = {isa = PBXFileReference; lastKnownFileType = "compiled.mach-o.dylib"; name = libsqlite3.dylib; path = usr/lib/libsqlite3.dylib; sourceTree = SDKROOT; };
		92D03A251A4E78F10027BE9C /* nps_boundary.csv */ = {isa = PBXFileReference; fileEncoding = 4; lastKnownFileType = text; path = nps_boundary.csv; sourceTree = "<group>"; };
		92D03A261A4E78F10027BE9C /* nps_boundary_csv.sqlite3 */ = {isa = PBXFileReference; lastKnownFileType = file; path = nps_boundary_csv.sqlite3; sourceTree = "<group>"; };
		92D03A491A4E7B5F0027BE9C /* AppDelegate.h */ = {isa = PBXFileReference; fileEncoding = 4; lastKnownFileType = sourcecode.c.h; path = AppDelegate.h; sourceTree = "<group>"; };
		92D03A4A1A4E7B5F0027BE9C /* AppDelegate.m */ = {isa = PBXFileReference; fileEncoding = 4; lastKnownFileType = sourcecode.c.objc; path = AppDelegate.m; sourceTree = "<group>"; };
		92D03A4C1A4E7B5F0027BE9C /* SQLMainViewController.h */ = {isa = PBXFileReference; fileEncoding = 4; lastKnownFileType = sourcecode.c.h; path = SQLMainViewController.h; sourceTree = "<group>"; };
		92D03A4D1A4E7B5F0027BE9C /* SQLMainViewController.m */ = {isa = PBXFileReference; fileEncoding = 4; lastKnownFileType = sourcecode.c.objc; path = SQLMainViewController.m; sourceTree = "<group>"; };
		92D03A501A4E7B5F0027BE9C /* Images.xcassets */ = {isa = PBXFileReference; lastKnownFileType = folder.assetcatalog; path = Images.xcassets; sourceTree = "<group>"; };
		92D03A511A4E7B5F0027BE9C /* LaunchScreen.xib */ = {isa = PBXFileReference; fileEncoding = 4; lastKnownFileType = file.xib; path = LaunchScreen.xib; sourceTree = "<group>"; };
		92D03A521A4E7B5F0027BE9C /* Main.storyboard */ = {isa = PBXFileReference; fileEncoding = 4; lastKnownFileType = file.storyboard; path = Main.storyboard; sourceTree = "<group>"; };
		92D03A581A4E7B660027BE9C /* main.m */ = {isa = PBXFileReference; fileEncoding = 4; lastKnownFileType = sourcecode.c.objc; path = main.m; sourceTree = "<group>"; };
		92D03A5A1A4E7D9E0027BE9C /* SQLNationalPark.h */ = {isa = PBXFileReference; fileEncoding = 4; lastKnownFileType = sourcecode.c.h; path = SQLNationalPark.h; sourceTree = "<group>"; };
		92D03A5B1A4E7D9E0027BE9C /* SQLNationalPark.m */ = {isa = PBXFileReference; fileEncoding = 4; lastKnownFileType = sourcecode.c.objc; path = SQLNationalPark.m; sourceTree = "<group>"; };
		92D03A5D1A4E85220027BE9C /* SQLNationalParkDatabase.h */ = {isa = PBXFileReference; fileEncoding = 4; lastKnownFileType = sourcecode.c.h; path = SQLNationalParkDatabase.h; sourceTree = "<group>"; };
		92D03A5E1A4E85220027BE9C /* SQLNationalParkDatabase.m */ = {isa = PBXFileReference; fileEncoding = 4; lastKnownFileType = sourcecode.c.objc; path = SQLNationalParkDatabase.m; sourceTree = "<group>"; };
/* End PBXFileReference section */

/* Begin PBXFrameworksBuildPhase section */
		9229AEE61A4D56010032D34D /* Frameworks */ = {
			isa = PBXFrameworksBuildPhase;
			buildActionMask = 2147483647;
			files = (
				9290F6A81A5273D5005D1E91 /* CoreGraphics.framework in Frameworks */,
				9290F6A61A5273C7005D1E91 /* Foundation.framework in Frameworks */,
				9290F6A41A5273B8005D1E91 /* UIKit.framework in Frameworks */,
				92D03A231A4E78910027BE9C /* libsqlite3.dylib in Frameworks */,
			);
			runOnlyForDeploymentPostprocessing = 0;
		};
/* End PBXFrameworksBuildPhase section */

/* Begin PBXGroup section */
		9229AEE01A4D56010032D34D = {
			isa = PBXGroup;
			children = (
				92D03A481A4E7B5F0027BE9C /* Classes */,
				92D03A241A4E78F10027BE9C /* SQLiteDatabase */,
				9229AEEC1A4D56010032D34D /* Supporting Files */,
				9290F6921A51588D005D1E91 /* Frameworks */,
				9290F6941A515A4D005D1E91 /* ThirdLibrary */,
				9229AEEA1A4D56010032D34D /* Products */,
			);
			sourceTree = "<group>";
		};
		9229AEEA1A4D56010032D34D /* Products */ = {
			isa = PBXGroup;
			children = (
				9229AEE91A4D56010032D34D /* SQLiteLearning.app */,
			);
			name = Products;
			sourceTree = "<group>";
		};
		9229AEEC1A4D56010032D34D /* Supporting Files */ = {
			isa = PBXGroup;
			children = (
				9229AEED1A4D56010032D34D /* Info.plist */,
				92D03A581A4E7B660027BE9C /* main.m */,
				9290F6931A5158D3005D1E91 /* SQLiteLearning-PrefixHeader.pch */,
			);
			name = "Supporting Files";
			path = SQLiteLearning;
			sourceTree = "<group>";
		};
		9290F6921A51588D005D1E91 /* Frameworks */ = {
			isa = PBXGroup;
			children = (
				9290F6A71A5273D5005D1E91 /* CoreGraphics.framework */,
				9290F6A51A5273C7005D1E91 /* Foundation.framework */,
				9290F6A31A5273B8005D1E91 /* UIKit.framework */,
				92D03A221A4E78910027BE9C /* libsqlite3.dylib */,
			);
			name = Frameworks;
			sourceTree = "<group>";
		};
		9290F6941A515A4D005D1E91 /* ThirdLibrary */ = {
			isa = PBXGroup;
			children = (
				9290F6951A515A4D005D1E91 /* OrderedDictionary */,
			);
			name = ThirdLibrary;
			path = ../ThirdLibrary;
			sourceTree = "<group>";
		};
		9290F6951A515A4D005D1E91 /* OrderedDictionary */ = {
			isa = PBXGroup;
			children = (
				9290F6961A515A4D005D1E91 /* OrderedDictionary.h */,
				9290F6971A515A4D005D1E91 /* OrderedDictionary.m */,
			);
			path = OrderedDictionary;
			sourceTree = "<group>";
		};
		92D03A241A4E78F10027BE9C /* SQLiteDatabase */ = {
			isa = PBXGroup;
			children = (
				92D03A251A4E78F10027BE9C /* nps_boundary.csv */,
				92D03A261A4E78F10027BE9C /* nps_boundary_csv.sqlite3 */,
			);
			name = SQLiteDatabase;
			path = SQLiteLearning/SQLiteDatabase;
			sourceTree = "<group>";
		};
		92D03A481A4E7B5F0027BE9C /* Classes */ = {
			isa = PBXGroup;
			children = (
				92D03A491A4E7B5F0027BE9C /* AppDelegate.h */,
				92D03A4A1A4E7B5F0027BE9C /* AppDelegate.m */,
				92D03A4B1A4E7B5F0027BE9C /* Controller */,
				92D03A4E1A4E7B5F0027BE9C /* Model */,
				92D03A4F1A4E7B5F0027BE9C /* View */,
			);
			name = Classes;
			path = SQLiteLearning/Classes;
			sourceTree = "<group>";
		};
		92D03A4B1A4E7B5F0027BE9C /* Controller */ = {
			isa = PBXGroup;
			children = (
				92D03A4C1A4E7B5F0027BE9C /* SQLMainViewController.h */,
				92D03A4D1A4E7B5F0027BE9C /* SQLMainViewController.m */,
				9290F69E1A5162FB005D1E91 /* SQLDetailViewController.h */,
				9290F69F1A5162FB005D1E91 /* SQLDetailViewController.m */,
				9290F6A01A5162FB005D1E91 /* SQLDetailViewController.xib */,
			);
			path = Controller;
			sourceTree = "<group>";
		};
		92D03A4E1A4E7B5F0027BE9C /* Model */ = {
			isa = PBXGroup;
			children = (
				92D03A5A1A4E7D9E0027BE9C /* SQLNationalPark.h */,
				92D03A5B1A4E7D9E0027BE9C /* SQLNationalPark.m */,
				92D03A5D1A4E85220027BE9C /* SQLNationalParkDatabase.h */,
				92D03A5E1A4E85220027BE9C /* SQLNationalParkDatabase.m */,
			);
			path = Model;
			sourceTree = "<group>";
		};
		92D03A4F1A4E7B5F0027BE9C /* View */ = {
			isa = PBXGroup;
			children = (
				92D03A501A4E7B5F0027BE9C /* Images.xcassets */,
				92D03A511A4E7B5F0027BE9C /* LaunchScreen.xib */,
				92D03A521A4E7B5F0027BE9C /* Main.storyboard */,
			);
			path = View;
			sourceTree = "<group>";
		};
/* End PBXGroup section */

/* Begin PBXNativeTarget section */
		9229AEE81A4D56010032D34D /* SQLiteLearning */ = {
			isa = PBXNativeTarget;
			buildConfigurationList = 9229AF0C1A4D56010032D34D /* Build configuration list for PBXNativeTarget "SQLiteLearning" */;
			buildPhases = (
				9229AEE51A4D56010032D34D /* Sources */,
				9229AEE61A4D56010032D34D /* Frameworks */,
				9229AEE71A4D56010032D34D /* Resources */,
			);
			buildRules = (
			);
			dependencies = (
			);
			name = SQLiteLearning;
			productName = SQLiteLearning;
			productReference = 9229AEE91A4D56010032D34D /* SQLiteLearning.app */;
			productType = "com.apple.product-type.application";
		};
/* End PBXNativeTarget section */

/* Begin PBXProject section */
		9229AEE11A4D56010032D34D /* Project object */ = {
			isa = PBXProject;
			attributes = {
				LastUpgradeCheck = 0610;
				ORGANIZATIONNAME = PeterWang;
				TargetAttributes = {
					9229AEE81A4D56010032D34D = {
						CreatedOnToolsVersion = 6.1.1;
					};
				};
			};
			buildConfigurationList = 9229AEE41A4D56010032D34D /* Build configuration list for PBXProject "SQLiteLearning" */;
			compatibilityVersion = "Xcode 3.2";
			developmentRegion = English;
			hasScannedForEncodings = 0;
			knownRegions = (
				en,
				Base,
			);
			mainGroup = 9229AEE01A4D56010032D34D;
			productRefGroup = 9229AEEA1A4D56010032D34D /* Products */;
			projectDirPath = "";
			projectRoot = "";
			targets = (
				9229AEE81A4D56010032D34D /* SQLiteLearning */,
			);
		};
/* End PBXProject section */

/* Begin PBXResourcesBuildPhase section */
		9229AEE71A4D56010032D34D /* Resources */ = {
			isa = PBXResourcesBuildPhase;
			buildActionMask = 2147483647;
			files = (
				92D03A561A4E7B5F0027BE9C /* LaunchScreen.xib in Resources */,
				92D03A571A4E7B5F0027BE9C /* Main.storyboard in Resources */,
				92D03A551A4E7B5F0027BE9C /* Images.xcassets in Resources */,
				92D03A271A4E78F10027BE9C /* nps_boundary.csv in Resources */,
				9290F6A21A5162FB005D1E91 /* SQLDetailViewController.xib in Resources */,
				92D03A281A4E78F10027BE9C /* nps_boundary_csv.sqlite3 in Resources */,
			);
			runOnlyForDeploymentPostprocessing = 0;
		};
/* End PBXResourcesBuildPhase section */

/* Begin PBXSourcesBuildPhase section */
		9229AEE51A4D56010032D34D /* Sources */ = {
			isa = PBXSourcesBuildPhase;
			buildActionMask = 2147483647;
			files = (
				92D03A5C1A4E7D9E0027BE9C /* SQLNationalPark.m in Sources */,
				92D03A541A4E7B5F0027BE9C /* SQLMainViewController.m in Sources */,
				92D03A591A4E7B660027BE9C /* main.m in Sources */,
				9290F6981A515A4D005D1E91 /* OrderedDictionary.m in Sources */,
				9290F6A11A5162FB005D1E91 /* SQLDetailViewController.m in Sources */,
				92D03A531A4E7B5F0027BE9C /* AppDelegate.m in Sources */,
				92D03A5F1A4E85220027BE9C /* SQLNationalParkDatabase.m in Sources */,
			);
			runOnlyForDeploymentPostprocessing = 0;
		};
/* End PBXSourcesBuildPhase section */

/* Begin XCBuildConfiguration section */
		9229AF0A1A4D56010032D34D /* Debug */ = {
			isa = XCBuildConfiguration;
			buildSettings = {
				ALWAYS_SEARCH_USER_PATHS = NO;
				CLANG_CXX_LANGUAGE_STANDARD = "gnu++0x";
				CLANG_CXX_LIBRARY = "libc++";
				CLANG_ENABLE_MODULES = YES;
				CLANG_ENABLE_OBJC_ARC = YES;
				CLANG_WARN_BOOL_CONVERSION = YES;
				CLANG_WARN_CONSTANT_CONVERSION = YES;
				CLANG_WARN_DIRECT_OBJC_ISA_USAGE = YES_ERROR;
				CLANG_WARN_EMPTY_BODY = YES;
				CLANG_WARN_ENUM_CONVERSION = YES;
				CLANG_WARN_INT_CONVERSION = YES;
				CLANG_WARN_OBJC_ROOT_CLASS = YES_ERROR;
				CLANG_WARN_UNREACHABLE_CODE = YES;
				CLANG_WARN__DUPLICATE_METHOD_MATCH = YES;
				"CODE_SIGN_IDENTITY[sdk=iphoneos*]" = "iPhone Developer";
				COPY_PHASE_STRIP = NO;
				ENABLE_STRICT_OBJC_MSGSEND = YES;
				GCC_C_LANGUAGE_STANDARD = gnu99;
				GCC_DYNAMIC_NO_PIC = NO;
				GCC_OPTIMIZATION_LEVEL = 0;
				GCC_PRECOMPILE_PREFIX_HEADER = YES;
				GCC_PREPROCESSOR_DEFINITIONS = (
					"DEBUG=1",
					"$(inherited)",
				);
				GCC_SYMBOLS_PRIVATE_EXTERN = NO;
				GCC_WARN_64_TO_32_BIT_CONVERSION = YES;
				GCC_WARN_ABOUT_RETURN_TYPE = YES_ERROR;
				GCC_WARN_UNDECLARED_SELECTOR = YES;
				GCC_WARN_UNINITIALIZED_AUTOS = YES_AGGRESSIVE;
				GCC_WARN_UNUSED_FUNCTION = YES;
				GCC_WARN_UNUSED_VARIABLE = YES;
				IPHONEOS_DEPLOYMENT_TARGET = 8.1;
				MTL_ENABLE_DEBUG_INFO = YES;
				ONLY_ACTIVE_ARCH = YES;
				SDKROOT = iphoneos;
			};
			name = Debug;
		};
		9229AF0B1A4D56010032D34D /* Release */ = {
			isa = XCBuildConfiguration;
			buildSettings = {
				ALWAYS_SEARCH_USER_PATHS = NO;
				CLANG_CXX_LANGUAGE_STANDARD = "gnu++0x";
				CLANG_CXX_LIBRARY = "libc++";
				CLANG_ENABLE_MODULES = YES;
				CLANG_ENABLE_OBJC_ARC = YES;
				CLANG_WARN_BOOL_CONVERSION = YES;
				CLANG_WARN_CONSTANT_CONVERSION = YES;
				CLANG_WARN_DIRECT_OBJC_ISA_USAGE = YES_ERROR;
				CLANG_WARN_EMPTY_BODY = YES;
				CLANG_WARN_ENUM_CONVERSION = YES;
				CLANG_WARN_INT_CONVERSION = YES;
				CLANG_WARN_OBJC_ROOT_CLASS = YES_ERROR;
				CLANG_WARN_UNREACHABLE_CODE = YES;
				CLANG_WARN__DUPLICATE_METHOD_MATCH = YES;
				"CODE_SIGN_IDENTITY[sdk=iphoneos*]" = "iPhone Developer";
				COPY_PHASE_STRIP = YES;
				ENABLE_NS_ASSERTIONS = NO;
				ENABLE_STRICT_OBJC_MSGSEND = YES;
				GCC_C_LANGUAGE_STANDARD = gnu99;
				GCC_PRECOMPILE_PREFIX_HEADER = YES;
				GCC_WARN_64_TO_32_BIT_CONVERSION = YES;
				GCC_WARN_ABOUT_RETURN_TYPE = YES_ERROR;
				GCC_WARN_UNDECLARED_SELECTOR = YES;
				GCC_WARN_UNINITIALIZED_AUTOS = YES_AGGRESSIVE;
				GCC_WARN_UNUSED_FUNCTION = YES;
				GCC_WARN_UNUSED_VARIABLE = YES;
				IPHONEOS_DEPLOYMENT_TARGET = 8.1;
				MTL_ENABLE_DEBUG_INFO = NO;
				SDKROOT = iphoneos;
				VALIDATE_PRODUCT = YES;
			};
			name = Release;
		};
		9229AF0D1A4D56010032D34D /* Debug */ = {
			isa = XCBuildConfiguration;
			buildSettings = {
				ASSETCATALOG_COMPILER_APPICON_NAME = AppIcon;
				GCC_PREFIX_HEADER = "SQLiteLearning/SQLiteLearning-PrefixHeader.pch";
				INFOPLIST_FILE = SQLiteLearning/Info.plist;
				LD_RUNPATH_SEARCH_PATHS = "$(inherited) @executable_path/Frameworks";
				PRODUCT_NAME = "$(TARGET_NAME)";
			};
			name = Debug;
		};
		9229AF0E1A4D56010032D34D /* Release */ = {
			isa = XCBuildConfiguration;
			buildSettings = {
				ASSETCATALOG_COMPILER_APPICON_NAME = AppIcon;
				GCC_PREFIX_HEADER = "SQLiteLearning/SQLiteLearning-PrefixHeader.pch";
				INFOPLIST_FILE = SQLiteLearning/Info.plist;
				LD_RUNPATH_SEARCH_PATHS = "$(inherited) @executable_path/Frameworks";
				PRODUCT_NAME = "$(TARGET_NAME)";
			};
			name = Release;
		};
/* End XCBuildConfiguration section */

/* Begin XCConfigurationList section */
		9229AEE41A4D56010032D34D /* Build configuration list for PBXProject "SQLiteLearning" */ = {
			isa = XCConfigurationList;
			buildConfigurations = (
				9229AF0A1A4D56010032D34D /* Debug */,
				9229AF0B1A4D56010032D34D /* Release */,
			);
			defaultConfigurationIsVisible = 0;
			defaultConfigurationName = Release;
		};
		9229AF0C1A4D56010032D34D /* Build configuration list for PBXNativeTarget "SQLiteLearning" */ = {
			isa = XCConfigurationList;
			buildConfigurations = (
				9229AF0D1A4D56010032D34D /* Debug */,
				9229AF0E1A4D56010032D34D /* Release */,
			);
			defaultConfigurationIsVisible = 0;
			defaultConfigurationName = Release;
		};
/* End XCConfigurationList section */
	};
	rootObject = 9229AEE11A4D56010032D34D /* Project object */;
}
