// !$*UTF8*$!
{
	archiveVersion = 1;
	classes = {
	};
	objectVersion = 46;
	objects = {

/* Begin PBXBuildFile section */
		920126B31A5390E400FECC65 /* CDLNationalParkDetail.m in Sources */ = {isa = PBXBuildFile; fileRef = 920126AD1A5390E400FECC65 /* CDLNationalParkDetail.m */; };
		920126B41A5390E400FECC65 /* CDLNationalParkInfo.m in Sources */ = {isa = PBXBuildFile; fileRef = 920126AF1A5390E400FECC65 /* CDLNationalParkInfo.m */; };
		920126B51A5390E400FECC65 /* CoreDataImportLearning.xcdatamodeld in Sources */ = {isa = PBXBuildFile; fileRef = 920126B01A5390E400FECC65 /* CoreDataImportLearning.xcdatamodeld */; };
		920126B61A5390E400FECC65 /* main.m in Sources */ = {isa = PBXBuildFile; fileRef = 920126B21A5390E400FECC65 /* main.m */; };
		920126B81A53A42700FECC65 /* NationalParks.json in CopyFiles */ = {isa = PBXBuildFile; fileRef = 920126B71A539EAB00FECC65 /* NationalParks.json */; settings = {ATTRIBUTES = (CodeSignOnCopy, ); }; };
/* End PBXBuildFile section */

/* Begin PBXCopyFilesBuildPhase section */
		92F8B4DC1A538F320051C150 /* CopyFiles */ = {
			isa = PBXCopyFilesBuildPhase;
			buildActionMask = 12;
			dstPath = "";
			dstSubfolderSpec = 16;
			files = (
				920126B81A53A42700FECC65 /* NationalParks.json in CopyFiles */,
			);
			runOnlyForDeploymentPostprocessing = 0;
		};
/* End PBXCopyFilesBuildPhase section */

/* Begin PBXFileReference section */
		920126AC1A5390E400FECC65 /* CDLNationalParkDetail.h */ = {isa = PBXFileReference; fileEncoding = 4; lastKnownFileType = sourcecode.c.h; path = CDLNationalParkDetail.h; sourceTree = "<group>"; };
		920126AD1A5390E400FECC65 /* CDLNationalParkDetail.m */ = {isa = PBXFileReference; fileEncoding = 4; lastKnownFileType = sourcecode.c.objc; path = CDLNationalParkDetail.m; sourceTree = "<group>"; };
		920126AE1A5390E400FECC65 /* CDLNationalParkInfo.h */ = {isa = PBXFileReference; fileEncoding = 4; lastKnownFileType = sourcecode.c.h; path = CDLNationalParkInfo.h; sourceTree = "<group>"; };
		920126AF1A5390E400FECC65 /* CDLNationalParkInfo.m */ = {isa = PBXFileReference; fileEncoding = 4; lastKnownFileType = sourcecode.c.objc; path = CDLNationalParkInfo.m; sourceTree = "<group>"; };
		920126B11A5390E400FECC65 /* CoreDataImportLearning.xcdatamodel */ = {isa = PBXFileReference; lastKnownFileType = wrapper.xcdatamodel; path = CoreDataImportLearning.xcdatamodel; sourceTree = "<group>"; };
		920126B21A5390E400FECC65 /* main.m */ = {isa = PBXFileReference; fileEncoding = 4; lastKnownFileType = sourcecode.c.objc; path = main.m; sourceTree = "<group>"; };
		920126B71A539EAB00FECC65 /* NationalParks.json */ = {isa = PBXFileReference; fileEncoding = 4; lastKnownFileType = text.json; path = NationalParks.json; sourceTree = "<group>"; };
		92F8B4DE1A538F320051C150 /* CoreDataImportLearning */ = {isa = PBXFileReference; explicitFileType = "compiled.mach-o.executable"; includeInIndex = 0; path = CoreDataImportLearning; sourceTree = BUILT_PRODUCTS_DIR; };
/* End PBXFileReference section */

/* Begin PBXFrameworksBuildPhase section */
		92F8B4DB1A538F320051C150 /* Frameworks */ = {
			isa = PBXFrameworksBuildPhase;
			buildActionMask = 2147483647;
			files = (
			);
			runOnlyForDeploymentPostprocessing = 0;
		};
/* End PBXFrameworksBuildPhase section */

/* Begin PBXGroup section */
		920126AA1A5390E400FECC65 /* Classes */ = {
			isa = PBXGroup;
			children = (
				920126AB1A5390E400FECC65 /* Model */,
			);
			path = Classes;
			sourceTree = "<group>";
		};
		920126AB1A5390E400FECC65 /* Model */ = {
			isa = PBXGroup;
			children = (
				920126AC1A5390E400FECC65 /* CDLNationalParkDetail.h */,
				920126AD1A5390E400FECC65 /* CDLNationalParkDetail.m */,
				920126AE1A5390E400FECC65 /* CDLNationalParkInfo.h */,
				920126AF1A5390E400FECC65 /* CDLNationalParkInfo.m */,
			);
			path = Model;
			sourceTree = "<group>";
		};
		92F8B4D51A538F320051C150 = {
			isa = PBXGroup;
			children = (
				92F8B4E01A538F320051C150 /* CoreDataImportLearning */,
				92F8B4DF1A538F320051C150 /* Products */,
			);
			sourceTree = "<group>";
		};
		92F8B4DF1A538F320051C150 /* Products */ = {
			isa = PBXGroup;
			children = (
				92F8B4DE1A538F320051C150 /* CoreDataImportLearning */,
			);
			name = Products;
			sourceTree = "<group>";
		};
		92F8B4E01A538F320051C150 /* CoreDataImportLearning */ = {
			isa = PBXGroup;
			children = (
				920126AA1A5390E400FECC65 /* Classes */,
				920126B01A5390E400FECC65 /* CoreDataImportLearning.xcdatamodeld */,
				920126B21A5390E400FECC65 /* main.m */,
				920126B71A539EAB00FECC65 /* NationalParks.json */,
			);
			path = CoreDataImportLearning;
			sourceTree = "<group>";
		};
/* End PBXGroup section */

/* Begin PBXNativeTarget section */
		92F8B4DD1A538F320051C150 /* CoreDataImportLearning */ = {
			isa = PBXNativeTarget;
			buildConfigurationList = 92F8B4E51A538F320051C150 /* Build configuration list for PBXNativeTarget "CoreDataImportLearning" */;
			buildPhases = (
				92F8B4DA1A538F320051C150 /* Sources */,
				92F8B4DB1A538F320051C150 /* Frameworks */,
				92F8B4DC1A538F320051C150 /* CopyFiles */,
			);
			buildRules = (
			);
			dependencies = (
			);
			name = CoreDataImportLearning;
			productName = CoreDataImportLearning;
			productReference = 92F8B4DE1A538F320051C150 /* CoreDataImportLearning */;
			productType = "com.apple.product-type.tool";
		};
/* End PBXNativeTarget section */

/* Begin PBXProject section */
		92F8B4D61A538F320051C150 /* Project object */ = {
			isa = PBXProject;
			attributes = {
				LastUpgradeCheck = 0610;
				ORGANIZATIONNAME = PeterWang;
				TargetAttributes = {
					92F8B4DD1A538F320051C150 = {
						CreatedOnToolsVersion = 6.1.1;
					};
				};
			};
			buildConfigurationList = 92F8B4D91A538F320051C150 /* Build configuration list for PBXProject "CoreDataImportLearning" */;
			compatibilityVersion = "Xcode 3.2";
			developmentRegion = English;
			hasScannedForEncodings = 0;
			knownRegions = (
				en,
			);
			mainGroup = 92F8B4D51A538F320051C150;
			productRefGroup = 92F8B4DF1A538F320051C150 /* Products */;
			projectDirPath = "";
			projectRoot = "";
			targets = (
				92F8B4DD1A538F320051C150 /* CoreDataImportLearning */,
			);
		};
/* End PBXProject section */

/* Begin PBXSourcesBuildPhase section */
		92F8B4DA1A538F320051C150 /* Sources */ = {
			isa = PBXSourcesBuildPhase;
			buildActionMask = 2147483647;
			files = (
				920126B31A5390E400FECC65 /* CDLNationalParkDetail.m in Sources */,
				920126B51A5390E400FECC65 /* CoreDataImportLearning.xcdatamodeld in Sources */,
				920126B61A5390E400FECC65 /* main.m in Sources */,
				920126B41A5390E400FECC65 /* CDLNationalParkInfo.m in Sources */,
			);
			runOnlyForDeploymentPostprocessing = 0;
		};
/* End PBXSourcesBuildPhase section */

/* Begin XCBuildConfiguration section */
		92F8B4E31A538F320051C150 /* Debug */ = {
			isa = XCBuildConfiguration;
			buildSettings = {
				ALWAYS_SEARCH_USER_PATHS = NO;
				CLANG_CXX_LANGUAGE_STANDARD = "gnu++0x";
				CLANG_CXX_LIBRARY = "libc++";
				CLANG_ENABLE_MODULES = YES;
				CLANG_ENABLE_OBJC_ARC = YES;
				CLANG_WARN_BOOL_CONVERSION = YES;
				CLANG_WARN_CONSTANT_CONVERSION = YES;
				CLANG_WARN_DIRECT_OBJC_ISA_USAGE = YES_ERROR;
				CLANG_WARN_EMPTY_BODY = YES;
				CLANG_WARN_ENUM_CONVERSION = YES;
				CLANG_WARN_INT_CONVERSION = YES;
				CLANG_WARN_OBJC_ROOT_CLASS = YES_ERROR;
				CLANG_WARN_UNREACHABLE_CODE = YES;
				CLANG_WARN__DUPLICATE_METHOD_MATCH = YES;
				COPY_PHASE_STRIP = NO;
				ENABLE_STRICT_OBJC_MSGSEND = YES;
				GCC_C_LANGUAGE_STANDARD = gnu99;
				GCC_DYNAMIC_NO_PIC = NO;
				GCC_OPTIMIZATION_LEVEL = 0;
				GCC_PREPROCESSOR_DEFINITIONS = (
					"DEBUG=1",
					"$(inherited)",
				);
				GCC_SYMBOLS_PRIVATE_EXTERN = NO;
				GCC_WARN_64_TO_32_BIT_CONVERSION = YES;
				GCC_WARN_ABOUT_RETURN_TYPE = YES_ERROR;
				GCC_WARN_UNDECLARED_SELECTOR = YES;
				GCC_WARN_UNINITIALIZED_AUTOS = YES_AGGRESSIVE;
				GCC_WARN_UNUSED_FUNCTION = YES;
				GCC_WARN_UNUSED_VARIABLE = YES;
				MACOSX_DEPLOYMENT_TARGET = 10.10;
				MTL_ENABLE_DEBUG_INFO = YES;
				ONLY_ACTIVE_ARCH = YES;
				SDKROOT = macosx;
			};
			name = Debug;
		};
		92F8B4E41A538F320051C150 /* Release */ = {
			isa = XCBuildConfiguration;
			buildSettings = {
				ALWAYS_SEARCH_USER_PATHS = NO;
				CLANG_CXX_LANGUAGE_STANDARD = "gnu++0x";
				CLANG_CXX_LIBRARY = "libc++";
				CLANG_ENABLE_MODULES = YES;
				CLANG_ENABLE_OBJC_ARC = YES;
				CLANG_WARN_BOOL_CONVERSION = YES;
				CLANG_WARN_CONSTANT_CONVERSION = YES;
				CLANG_WARN_DIRECT_OBJC_ISA_USAGE = YES_ERROR;
				CLANG_WARN_EMPTY_BODY = YES;
				CLANG_WARN_ENUM_CONVERSION = YES;
				CLANG_WARN_INT_CONVERSION = YES;
				CLANG_WARN_OBJC_ROOT_CLASS = YES_ERROR;
				CLANG_WARN_UNREACHABLE_CODE = YES;
				CLANG_WARN__DUPLICATE_METHOD_MATCH = YES;
				COPY_PHASE_STRIP = YES;
				DEBUG_INFORMATION_FORMAT = "dwarf-with-dsym";
				ENABLE_NS_ASSERTIONS = NO;
				ENABLE_STRICT_OBJC_MSGSEND = YES;
				GCC_C_LANGUAGE_STANDARD = gnu99;
				GCC_WARN_64_TO_32_BIT_CONVERSION = YES;
				GCC_WARN_ABOUT_RETURN_TYPE = YES_ERROR;
				GCC_WARN_UNDECLARED_SELECTOR = YES;
				GCC_WARN_UNINITIALIZED_AUTOS = YES_AGGRESSIVE;
				GCC_WARN_UNUSED_FUNCTION = YES;
				GCC_WARN_UNUSED_VARIABLE = YES;
				MACOSX_DEPLOYMENT_TARGET = 10.10;
				MTL_ENABLE_DEBUG_INFO = NO;
				SDKROOT = macosx;
			};
			name = Release;
		};
		92F8B4E61A538F320051C150 /* Debug */ = {
			isa = XCBuildConfiguration;
			buildSettings = {
				PRODUCT_NAME = "$(TARGET_NAME)";
			};
			name = Debug;
		};
		92F8B4E71A538F320051C150 /* Release */ = {
			isa = XCBuildConfiguration;
			buildSettings = {
				PRODUCT_NAME = "$(TARGET_NAME)";
			};
			name = Release;
		};
/* End XCBuildConfiguration section */

/* Begin XCConfigurationList section */
		92F8B4D91A538F320051C150 /* Build configuration list for PBXProject "CoreDataImportLearning" */ = {
			isa = XCConfigurationList;
			buildConfigurations = (
				92F8B4E31A538F320051C150 /* Debug */,
				92F8B4E41A538F320051C150 /* Release */,
			);
			defaultConfigurationIsVisible = 0;
			defaultConfigurationName = Release;
		};
		92F8B4E51A538F320051C150 /* Build configuration list for PBXNativeTarget "CoreDataImportLearning" */ = {
			isa = XCConfigurationList;
			buildConfigurations = (
				92F8B4E61A538F320051C150 /* Debug */,
				92F8B4E71A538F320051C150 /* Release */,
			);
			defaultConfigurationIsVisible = 0;
			defaultConfigurationName = Release;
		};
/* End XCConfigurationList section */

/* Begin XCVersionGroup section */
		920126B01A5390E400FECC65 /* CoreDataImportLearning.xcdatamodeld */ = {
			isa = XCVersionGroup;
			children = (
				920126B11A5390E400FECC65 /* CoreDataImportLearning.xcdatamodel */,
			);
			currentVersion = 920126B11A5390E400FECC65 /* CoreDataImportLearning.xcdatamodel */;
			path = CoreDataImportLearning.xcdatamodeld;
			sourceTree = "<group>";
			versionGroupType = wrapper.xcdatamodel;
		};
/* End XCVersionGroup section */
	};
	rootObject = 92F8B4D61A538F320051C150 /* Project object */;
}
