// !$*UTF8*$!
{
	archiveVersion = 1;
	classes = {
	};
	objectVersion = 46;
	objects = {

/* Begin PBXBuildFile section */
		924959CF1A6CE86E006AD052 /* main.m in Sources */ = {isa = PBXBuildFile; fileRef = 924959CE1A6CE86E006AD052 /* main.m */; };
		924959FF1A6CE92A006AD052 /* AppDelegate.m in Sources */ = {isa = PBXBuildFile; fileRef = 924959F41A6CE92A006AD052 /* AppDelegate.m */; };
		92495A001A6CE92A006AD052 /* SCMainViewController.m in Sources */ = {isa = PBXBuildFile; fileRef = 924959F71A6CE92A006AD052 /* SCMainViewController.m */; };
		92495A011A6CE92A006AD052 /* Images.xcassets in Resources */ = {isa = PBXBuildFile; fileRef = 924959FA1A6CE92A006AD052 /* Images.xcassets */; };
		92495A021A6CE92A006AD052 /* LaunchScreen.xib in Resources */ = {isa = PBXBuildFile; fileRef = 924959FB1A6CE92A006AD052 /* LaunchScreen.xib */; };
		92495A031A6CE92A006AD052 /* Main.storyboard in Resources */ = {isa = PBXBuildFile; fileRef = 924959FC1A6CE92A006AD052 /* Main.storyboard */; };
		92495A081A6CE9F4006AD052 /* SCPlayingCardView.m in Sources */ = {isa = PBXBuildFile; fileRef = 92495A071A6CE9F4006AD052 /* SCPlayingCardView.m */; };
		92B5D1FA1A6DFA2200D7F591 /* CGCard.m in Sources */ = {isa = PBXBuildFile; fileRef = 92B5D1ED1A6DFA2200D7F591 /* CGCard.m */; };
		92B5D1FB1A6DFA2200D7F591 /* CGCardAttribute.m in Sources */ = {isa = PBXBuildFile; fileRef = 92B5D1EF1A6DFA2200D7F591 /* CGCardAttribute.m */; };
		92B5D1FC1A6DFA2200D7F591 /* CGCardMatchingGame.m in Sources */ = {isa = PBXBuildFile; fileRef = 92B5D1F11A6DFA2200D7F591 /* CGCardMatchingGame.m */; };
		92B5D1FD1A6DFA2200D7F591 /* CGCardMatchingGameAttribute.m in Sources */ = {isa = PBXBuildFile; fileRef = 92B5D1F31A6DFA2200D7F591 /* CGCardMatchingGameAttribute.m */; };
		92B5D1FE1A6DFA2200D7F591 /* CGDeck.m in Sources */ = {isa = PBXBuildFile; fileRef = 92B5D1F51A6DFA2200D7F591 /* CGDeck.m */; };
		92B5D1FF1A6DFA2200D7F591 /* CGPlayingCard.m in Sources */ = {isa = PBXBuildFile; fileRef = 92B5D1F71A6DFA2200D7F591 /* CGPlayingCard.m */; };
		92B5D2001A6DFA2200D7F591 /* CGPlayingCardDeck.m in Sources */ = {isa = PBXBuildFile; fileRef = 92B5D1F91A6DFA2200D7F591 /* CGPlayingCardDeck.m */; };
/* End PBXBuildFile section */

/* Begin PBXFileReference section */
		924959C91A6CE86E006AD052 /* SuperCard.app */ = {isa = PBXFileReference; explicitFileType = wrapper.application; includeInIndex = 0; path = SuperCard.app; sourceTree = BUILT_PRODUCTS_DIR; };
		924959CD1A6CE86E006AD052 /* Info.plist */ = {isa = PBXFileReference; lastKnownFileType = text.plist.xml; path = Info.plist; sourceTree = "<group>"; };
		924959CE1A6CE86E006AD052 /* main.m */ = {isa = PBXFileReference; lastKnownFileType = sourcecode.c.objc; path = main.m; sourceTree = "<group>"; };
		924959F31A6CE92A006AD052 /* AppDelegate.h */ = {isa = PBXFileReference; fileEncoding = 4; lastKnownFileType = sourcecode.c.h; path = AppDelegate.h; sourceTree = "<group>"; };
		924959F41A6CE92A006AD052 /* AppDelegate.m */ = {isa = PBXFileReference; fileEncoding = 4; lastKnownFileType = sourcecode.c.objc; path = AppDelegate.m; sourceTree = "<group>"; };
		924959F61A6CE92A006AD052 /* SCMainViewController.h */ = {isa = PBXFileReference; fileEncoding = 4; lastKnownFileType = sourcecode.c.h; path = SCMainViewController.h; sourceTree = "<group>"; };
		924959F71A6CE92A006AD052 /* SCMainViewController.m */ = {isa = PBXFileReference; fileEncoding = 4; lastKnownFileType = sourcecode.c.objc; path = SCMainViewController.m; sourceTree = "<group>"; };
		924959FA1A6CE92A006AD052 /* Images.xcassets */ = {isa = PBXFileReference; lastKnownFileType = folder.assetcatalog; path = Images.xcassets; sourceTree = "<group>"; };
		924959FB1A6CE92A006AD052 /* LaunchScreen.xib */ = {isa = PBXFileReference; fileEncoding = 4; lastKnownFileType = file.xib; path = LaunchScreen.xib; sourceTree = "<group>"; };
		924959FC1A6CE92A006AD052 /* Main.storyboard */ = {isa = PBXFileReference; fileEncoding = 4; lastKnownFileType = file.storyboard; path = Main.storyboard; sourceTree = "<group>"; };
		92495A061A6CE9F4006AD052 /* SCPlayingCardView.h */ = {isa = PBXFileReference; fileEncoding = 4; lastKnownFileType = sourcecode.c.h; path = SCPlayingCardView.h; sourceTree = "<group>"; };
		92495A071A6CE9F4006AD052 /* SCPlayingCardView.m */ = {isa = PBXFileReference; fileEncoding = 4; lastKnownFileType = sourcecode.c.objc; path = SCPlayingCardView.m; sourceTree = "<group>"; };
		92B5D1EC1A6DFA2200D7F591 /* CGCard.h */ = {isa = PBXFileReference; fileEncoding = 4; lastKnownFileType = sourcecode.c.h; path = CGCard.h; sourceTree = "<group>"; };
		92B5D1ED1A6DFA2200D7F591 /* CGCard.m */ = {isa = PBXFileReference; fileEncoding = 4; lastKnownFileType = sourcecode.c.objc; path = CGCard.m; sourceTree = "<group>"; };
		92B5D1EE1A6DFA2200D7F591 /* CGCardAttribute.h */ = {isa = PBXFileReference; fileEncoding = 4; lastKnownFileType = sourcecode.c.h; path = CGCardAttribute.h; sourceTree = "<group>"; };
		92B5D1EF1A6DFA2200D7F591 /* CGCardAttribute.m */ = {isa = PBXFileReference; fileEncoding = 4; lastKnownFileType = sourcecode.c.objc; path = CGCardAttribute.m; sourceTree = "<group>"; };
		92B5D1F01A6DFA2200D7F591 /* CGCardMatchingGame.h */ = {isa = PBXFileReference; fileEncoding = 4; lastKnownFileType = sourcecode.c.h; path = CGCardMatchingGame.h; sourceTree = "<group>"; };
		92B5D1F11A6DFA2200D7F591 /* CGCardMatchingGame.m */ = {isa = PBXFileReference; fileEncoding = 4; lastKnownFileType = sourcecode.c.objc; path = CGCardMatchingGame.m; sourceTree = "<group>"; };
		92B5D1F21A6DFA2200D7F591 /* CGCardMatchingGameAttribute.h */ = {isa = PBXFileReference; fileEncoding = 4; lastKnownFileType = sourcecode.c.h; path = CGCardMatchingGameAttribute.h; sourceTree = "<group>"; };
		92B5D1F31A6DFA2200D7F591 /* CGCardMatchingGameAttribute.m */ = {isa = PBXFileReference; fileEncoding = 4; lastKnownFileType = sourcecode.c.objc; path = CGCardMatchingGameAttribute.m; sourceTree = "<group>"; };
		92B5D1F41A6DFA2200D7F591 /* CGDeck.h */ = {isa = PBXFileReference; fileEncoding = 4; lastKnownFileType = sourcecode.c.h; path = CGDeck.h; sourceTree = "<group>"; };
		92B5D1F51A6DFA2200D7F591 /* CGDeck.m */ = {isa = PBXFileReference; fileEncoding = 4; lastKnownFileType = sourcecode.c.objc; path = CGDeck.m; sourceTree = "<group>"; };
		92B5D1F61A6DFA2200D7F591 /* CGPlayingCard.h */ = {isa = PBXFileReference; fileEncoding = 4; lastKnownFileType = sourcecode.c.h; path = CGPlayingCard.h; sourceTree = "<group>"; };
		92B5D1F71A6DFA2200D7F591 /* CGPlayingCard.m */ = {isa = PBXFileReference; fileEncoding = 4; lastKnownFileType = sourcecode.c.objc; path = CGPlayingCard.m; sourceTree = "<group>"; };
		92B5D1F81A6DFA2200D7F591 /* CGPlayingCardDeck.h */ = {isa = PBXFileReference; fileEncoding = 4; lastKnownFileType = sourcecode.c.h; path = CGPlayingCardDeck.h; sourceTree = "<group>"; };
		92B5D1F91A6DFA2200D7F591 /* CGPlayingCardDeck.m */ = {isa = PBXFileReference; fileEncoding = 4; lastKnownFileType = sourcecode.c.objc; path = CGPlayingCardDeck.m; sourceTree = "<group>"; };
/* End PBXFileReference section */

/* Begin PBXFrameworksBuildPhase section */
		924959C61A6CE86E006AD052 /* Frameworks */ = {
			isa = PBXFrameworksBuildPhase;
			buildActionMask = 2147483647;
			files = (
			);
			runOnlyForDeploymentPostprocessing = 0;
		};
/* End PBXFrameworksBuildPhase section */

/* Begin PBXGroup section */
		924959C01A6CE86E006AD052 = {
			isa = PBXGroup;
			children = (
				924959CB1A6CE86E006AD052 /* SuperCard */,
				924959CA1A6CE86E006AD052 /* Products */,
			);
			sourceTree = "<group>";
		};
		924959CA1A6CE86E006AD052 /* Products */ = {
			isa = PBXGroup;
			children = (
				924959C91A6CE86E006AD052 /* SuperCard.app */,
			);
			name = Products;
			sourceTree = "<group>";
		};
		924959CB1A6CE86E006AD052 /* SuperCard */ = {
			isa = PBXGroup;
			children = (
				924959F21A6CE92A006AD052 /* Classes */,
				924959CC1A6CE86E006AD052 /* Supporting Files */,
			);
			path = SuperCard;
			sourceTree = "<group>";
		};
		924959CC1A6CE86E006AD052 /* Supporting Files */ = {
			isa = PBXGroup;
			children = (
				924959CD1A6CE86E006AD052 /* Info.plist */,
				924959CE1A6CE86E006AD052 /* main.m */,
			);
			name = "Supporting Files";
			sourceTree = "<group>";
		};
		924959F21A6CE92A006AD052 /* Classes */ = {
			isa = PBXGroup;
			children = (
				924959F31A6CE92A006AD052 /* AppDelegate.h */,
				924959F41A6CE92A006AD052 /* AppDelegate.m */,
				924959F51A6CE92A006AD052 /* Controller */,
				924959F81A6CE92A006AD052 /* Model */,
				924959F91A6CE92A006AD052 /* View */,
			);
			path = Classes;
			sourceTree = "<group>";
		};
		924959F51A6CE92A006AD052 /* Controller */ = {
			isa = PBXGroup;
			children = (
				924959F61A6CE92A006AD052 /* SCMainViewController.h */,
				924959F71A6CE92A006AD052 /* SCMainViewController.m */,
			);
			path = Controller;
			sourceTree = "<group>";
		};
		924959F81A6CE92A006AD052 /* Model */ = {
			isa = PBXGroup;
			children = (
				92B5D1EC1A6DFA2200D7F591 /* CGCard.h */,
				92B5D1ED1A6DFA2200D7F591 /* CGCard.m */,
				92B5D1EE1A6DFA2200D7F591 /* CGCardAttribute.h */,
				92B5D1EF1A6DFA2200D7F591 /* CGCardAttribute.m */,
				92B5D1F01A6DFA2200D7F591 /* CGCardMatchingGame.h */,
				92B5D1F11A6DFA2200D7F591 /* CGCardMatchingGame.m */,
				92B5D1F21A6DFA2200D7F591 /* CGCardMatchingGameAttribute.h */,
				92B5D1F31A6DFA2200D7F591 /* CGCardMatchingGameAttribute.m */,
				92B5D1F41A6DFA2200D7F591 /* CGDeck.h */,
				92B5D1F51A6DFA2200D7F591 /* CGDeck.m */,
				92B5D1F61A6DFA2200D7F591 /* CGPlayingCard.h */,
				92B5D1F71A6DFA2200D7F591 /* CGPlayingCard.m */,
				92B5D1F81A6DFA2200D7F591 /* CGPlayingCardDeck.h */,
				92B5D1F91A6DFA2200D7F591 /* CGPlayingCardDeck.m */,
			);
			path = Model;
			sourceTree = "<group>";
		};
		924959F91A6CE92A006AD052 /* View */ = {
			isa = PBXGroup;
			children = (
				924959FA1A6CE92A006AD052 /* Images.xcassets */,
				924959FB1A6CE92A006AD052 /* LaunchScreen.xib */,
				924959FC1A6CE92A006AD052 /* Main.storyboard */,
				92495A061A6CE9F4006AD052 /* SCPlayingCardView.h */,
				92495A071A6CE9F4006AD052 /* SCPlayingCardView.m */,
			);
			path = View;
			sourceTree = "<group>";
		};
/* End PBXGroup section */

/* Begin PBXNativeTarget section */
		924959C81A6CE86E006AD052 /* SuperCard */ = {
			isa = PBXNativeTarget;
			buildConfigurationList = 924959EC1A6CE86E006AD052 /* Build configuration list for PBXNativeTarget "SuperCard" */;
			buildPhases = (
				924959C51A6CE86E006AD052 /* Sources */,
				924959C61A6CE86E006AD052 /* Frameworks */,
				924959C71A6CE86E006AD052 /* Resources */,
			);
			buildRules = (
			);
			dependencies = (
			);
			name = SuperCard;
			productName = SuperCard;
			productReference = 924959C91A6CE86E006AD052 /* SuperCard.app */;
			productType = "com.apple.product-type.application";
		};
/* End PBXNativeTarget section */

/* Begin PBXProject section */
		924959C11A6CE86E006AD052 /* Project object */ = {
			isa = PBXProject;
			attributes = {
				LastUpgradeCheck = 0610;
				ORGANIZATIONNAME = PeterWang;
				TargetAttributes = {
					924959C81A6CE86E006AD052 = {
						CreatedOnToolsVersion = 6.1.1;
					};
				};
			};
			buildConfigurationList = 924959C41A6CE86E006AD052 /* Build configuration list for PBXProject "SuperCard" */;
			compatibilityVersion = "Xcode 3.2";
			developmentRegion = English;
			hasScannedForEncodings = 0;
			knownRegions = (
				en,
				Base,
			);
			mainGroup = 924959C01A6CE86E006AD052;
			productRefGroup = 924959CA1A6CE86E006AD052 /* Products */;
			projectDirPath = "";
			projectRoot = "";
			targets = (
				924959C81A6CE86E006AD052 /* SuperCard */,
			);
		};
/* End PBXProject section */

/* Begin PBXResourcesBuildPhase section */
		924959C71A6CE86E006AD052 /* Resources */ = {
			isa = PBXResourcesBuildPhase;
			buildActionMask = 2147483647;
			files = (
				92495A021A6CE92A006AD052 /* LaunchScreen.xib in Resources */,
				92495A011A6CE92A006AD052 /* Images.xcassets in Resources */,
				92495A031A6CE92A006AD052 /* Main.storyboard in Resources */,
			);
			runOnlyForDeploymentPostprocessing = 0;
		};
/* End PBXResourcesBuildPhase section */

/* Begin PBXSourcesBuildPhase section */
		924959C51A6CE86E006AD052 /* Sources */ = {
			isa = PBXSourcesBuildPhase;
			buildActionMask = 2147483647;
			files = (
				92B5D1FF1A6DFA2200D7F591 /* CGPlayingCard.m in Sources */,
				92B5D1FB1A6DFA2200D7F591 /* CGCardAttribute.m in Sources */,
				92B5D1FA1A6DFA2200D7F591 /* CGCard.m in Sources */,
				924959FF1A6CE92A006AD052 /* AppDelegate.m in Sources */,
				92495A081A6CE9F4006AD052 /* SCPlayingCardView.m in Sources */,
				924959CF1A6CE86E006AD052 /* main.m in Sources */,
				92B5D1FD1A6DFA2200D7F591 /* CGCardMatchingGameAttribute.m in Sources */,
				92B5D1FE1A6DFA2200D7F591 /* CGDeck.m in Sources */,
				92B5D1FC1A6DFA2200D7F591 /* CGCardMatchingGame.m in Sources */,
				92495A001A6CE92A006AD052 /* SCMainViewController.m in Sources */,
				92B5D2001A6DFA2200D7F591 /* CGPlayingCardDeck.m in Sources */,
			);
			runOnlyForDeploymentPostprocessing = 0;
		};
/* End PBXSourcesBuildPhase section */

/* Begin XCBuildConfiguration section */
		924959EA1A6CE86E006AD052 /* Debug */ = {
			isa = XCBuildConfiguration;
			buildSettings = {
				ALWAYS_SEARCH_USER_PATHS = NO;
				CLANG_CXX_LANGUAGE_STANDARD = "gnu++0x";
				CLANG_CXX_LIBRARY = "libc++";
				CLANG_ENABLE_MODULES = YES;
				CLANG_ENABLE_OBJC_ARC = YES;
				CLANG_WARN_BOOL_CONVERSION = YES;
				CLANG_WARN_CONSTANT_CONVERSION = YES;
				CLANG_WARN_DIRECT_OBJC_ISA_USAGE = YES_ERROR;
				CLANG_WARN_EMPTY_BODY = YES;
				CLANG_WARN_ENUM_CONVERSION = YES;
				CLANG_WARN_INT_CONVERSION = YES;
				CLANG_WARN_OBJC_ROOT_CLASS = YES_ERROR;
				CLANG_WARN_UNREACHABLE_CODE = YES;
				CLANG_WARN__DUPLICATE_METHOD_MATCH = YES;
				"CODE_SIGN_IDENTITY[sdk=iphoneos*]" = "iPhone Developer";
				COPY_PHASE_STRIP = NO;
				ENABLE_STRICT_OBJC_MSGSEND = YES;
				GCC_C_LANGUAGE_STANDARD = gnu99;
				GCC_DYNAMIC_NO_PIC = NO;
				GCC_OPTIMIZATION_LEVEL = 0;
				GCC_PREPROCESSOR_DEFINITIONS = (
					"DEBUG=1",
					"$(inherited)",
				);
				GCC_SYMBOLS_PRIVATE_EXTERN = NO;
				GCC_WARN_64_TO_32_BIT_CONVERSION = YES;
				GCC_WARN_ABOUT_RETURN_TYPE = YES_ERROR;
				GCC_WARN_UNDECLARED_SELECTOR = YES;
				GCC_WARN_UNINITIALIZED_AUTOS = YES_AGGRESSIVE;
				GCC_WARN_UNUSED_FUNCTION = YES;
				GCC_WARN_UNUSED_VARIABLE = YES;
				IPHONEOS_DEPLOYMENT_TARGET = 8.1;
				MTL_ENABLE_DEBUG_INFO = YES;
				ONLY_ACTIVE_ARCH = YES;
				SDKROOT = iphoneos;
				TARGETED_DEVICE_FAMILY = "1,2";
			};
			name = Debug;
		};
		924959EB1A6CE86E006AD052 /* Release */ = {
			isa = XCBuildConfiguration;
			buildSettings = {
				ALWAYS_SEARCH_USER_PATHS = NO;
				CLANG_CXX_LANGUAGE_STANDARD = "gnu++0x";
				CLANG_CXX_LIBRARY = "libc++";
				CLANG_ENABLE_MODULES = YES;
				CLANG_ENABLE_OBJC_ARC = YES;
				CLANG_WARN_BOOL_CONVERSION = YES;
				CLANG_WARN_CONSTANT_CONVERSION = YES;
				CLANG_WARN_DIRECT_OBJC_ISA_USAGE = YES_ERROR;
				CLANG_WARN_EMPTY_BODY = YES;
				CLANG_WARN_ENUM_CONVERSION = YES;
				CLANG_WARN_INT_CONVERSION = YES;
				CLANG_WARN_OBJC_ROOT_CLASS = YES_ERROR;
				CLANG_WARN_UNREACHABLE_CODE = YES;
				CLANG_WARN__DUPLICATE_METHOD_MATCH = YES;
				"CODE_SIGN_IDENTITY[sdk=iphoneos*]" = "iPhone Developer";
				COPY_PHASE_STRIP = YES;
				ENABLE_NS_ASSERTIONS = NO;
				ENABLE_STRICT_OBJC_MSGSEND = YES;
				GCC_C_LANGUAGE_STANDARD = gnu99;
				GCC_WARN_64_TO_32_BIT_CONVERSION = YES;
				GCC_WARN_ABOUT_RETURN_TYPE = YES_ERROR;
				GCC_WARN_UNDECLARED_SELECTOR = YES;
				GCC_WARN_UNINITIALIZED_AUTOS = YES_AGGRESSIVE;
				GCC_WARN_UNUSED_FUNCTION = YES;
				GCC_WARN_UNUSED_VARIABLE = YES;
				IPHONEOS_DEPLOYMENT_TARGET = 8.1;
				MTL_ENABLE_DEBUG_INFO = NO;
				SDKROOT = iphoneos;
				TARGETED_DEVICE_FAMILY = "1,2";
				VALIDATE_PRODUCT = YES;
			};
			name = Release;
		};
		924959ED1A6CE86E006AD052 /* Debug */ = {
			isa = XCBuildConfiguration;
			buildSettings = {
				ASSETCATALOG_COMPILER_APPICON_NAME = AppIcon;
				INFOPLIST_FILE = SuperCard/Info.plist;
				LD_RUNPATH_SEARCH_PATHS = "$(inherited) @executable_path/Frameworks";
				PRODUCT_NAME = "$(TARGET_NAME)";
			};
			name = Debug;
		};
		924959EE1A6CE86E006AD052 /* Release */ = {
			isa = XCBuildConfiguration;
			buildSettings = {
				ASSETCATALOG_COMPILER_APPICON_NAME = AppIcon;
				INFOPLIST_FILE = SuperCard/Info.plist;
				LD_RUNPATH_SEARCH_PATHS = "$(inherited) @executable_path/Frameworks";
				PRODUCT_NAME = "$(TARGET_NAME)";
			};
			name = Release;
		};
/* End XCBuildConfiguration section */

/* Begin XCConfigurationList section */
		924959C41A6CE86E006AD052 /* Build configuration list for PBXProject "SuperCard" */ = {
			isa = XCConfigurationList;
			buildConfigurations = (
				924959EA1A6CE86E006AD052 /* Debug */,
				924959EB1A6CE86E006AD052 /* Release */,
			);
			defaultConfigurationIsVisible = 0;
			defaultConfigurationName = Release;
		};
		924959EC1A6CE86E006AD052 /* Build configuration list for PBXNativeTarget "SuperCard" */ = {
			isa = XCConfigurationList;
			buildConfigurations = (
				924959ED1A6CE86E006AD052 /* Debug */,
				924959EE1A6CE86E006AD052 /* Release */,
			);
			defaultConfigurationIsVisible = 0;
			defaultConfigurationName = Release;
		};
/* End XCConfigurationList section */
	};
	rootObject = 924959C11A6CE86E006AD052 /* Project object */;
}
